// !$*UTF8*$!
{
	archiveVersion = 1;
	classes = {
	};
	objectVersion = 46;
	objects = {

/* Begin PBXBuildFile section */
		12082F941E9376D700E8D051 /* ShadowLabel.m in Sources */ = {isa = PBXBuildFile; fileRef = 12082F931E9376D700E8D051 /* ShadowLabel.m */; };
		12144DB71E934CEA000828BF /* ListField.m in Sources */ = {isa = PBXBuildFile; fileRef = 12144DB61E934CEA000828BF /* ListField.m */; };
		12144DBA1E934EFB000828BF /* AddAgeSubView.m in Sources */ = {isa = PBXBuildFile; fileRef = 12144DB91E934EFB000828BF /* AddAgeSubView.m */; };
		121E15B51E95FE59009CCF51 /* MediaPicker.m in Sources */ = {isa = PBXBuildFile; fileRef = 121E15B41E95FE59009CCF51 /* MediaPicker.m */; };
		1222627C1E8B6E8000F51FAE /* main.m in Sources */ = {isa = PBXBuildFile; fileRef = 1222627B1E8B6E8000F51FAE /* main.m */; };
		1222627F1E8B6E8000F51FAE /* AppDelegate.m in Sources */ = {isa = PBXBuildFile; fileRef = 1222627E1E8B6E8000F51FAE /* AppDelegate.m */; };
		122262821E8B6E8000F51FAE /* ViewController.m in Sources */ = {isa = PBXBuildFile; fileRef = 122262811E8B6E8000F51FAE /* ViewController.m */; };
		122262851E8B6E8000F51FAE /* Main.storyboard in Resources */ = {isa = PBXBuildFile; fileRef = 122262831E8B6E8000F51FAE /* Main.storyboard */; };
		122262871E8B6E8000F51FAE /* Assets.xcassets in Resources */ = {isa = PBXBuildFile; fileRef = 122262861E8B6E8000F51FAE /* Assets.xcassets */; };
		1222628A1E8B6E8000F51FAE /* LaunchScreen.storyboard in Resources */ = {isa = PBXBuildFile; fileRef = 122262881E8B6E8000F51FAE /* LaunchScreen.storyboard */; };
		122262AF1E8B6EA600F51FAE /* Bolts.framework in Frameworks */ = {isa = PBXBuildFile; fileRef = 1222629F1E8B6EA600F51FAE /* Bolts.framework */; };
		122262B01E8B6EA600F51FAE /* Parse.framework in Frameworks */ = {isa = PBXBuildFile; fileRef = 122262A01E8B6EA600F51FAE /* Parse.framework */; };
		122262B11E8B6EA600F51FAE /* ParseUI.framework in Frameworks */ = {isa = PBXBuildFile; fileRef = 122262A11E8B6EA600F51FAE /* ParseUI.framework */; };
		122262BE1E8B79B900F51FAE /* AudioToolbox.framework in Frameworks */ = {isa = PBXBuildFile; fileRef = 122262B31E8B79B900F51FAE /* AudioToolbox.framework */; };
		122262BF1E8B79B900F51FAE /* CFNetwork.framework in Frameworks */ = {isa = PBXBuildFile; fileRef = 122262B41E8B79B900F51FAE /* CFNetwork.framework */; };
		122262C01E8B79B900F51FAE /* CoreGraphics.framework in Frameworks */ = {isa = PBXBuildFile; fileRef = 122262B51E8B79B900F51FAE /* CoreGraphics.framework */; };
		122262C11E8B79B900F51FAE /* CoreLocation.framework in Frameworks */ = {isa = PBXBuildFile; fileRef = 122262B61E8B79B900F51FAE /* CoreLocation.framework */; };
		122262C21E8B79B900F51FAE /* libsqlite3.0.tbd in Frameworks */ = {isa = PBXBuildFile; fileRef = 122262B71E8B79B900F51FAE /* libsqlite3.0.tbd */; };
		122262C31E8B79B900F51FAE /* libz.tbd in Frameworks */ = {isa = PBXBuildFile; fileRef = 122262B81E8B79B900F51FAE /* libz.tbd */; };
		122262C41E8B79B900F51FAE /* MapKit.framework in Frameworks */ = {isa = PBXBuildFile; fileRef = 122262B91E8B79B900F51FAE /* MapKit.framework */; };
		122262C51E8B79B900F51FAE /* QuartzCore.framework in Frameworks */ = {isa = PBXBuildFile; fileRef = 122262BA1E8B79B900F51FAE /* QuartzCore.framework */; };
		122262C61E8B79B900F51FAE /* Security.framework in Frameworks */ = {isa = PBXBuildFile; fileRef = 122262BB1E8B79B900F51FAE /* Security.framework */; };
		122262C71E8B79B900F51FAE /* StoreKit.framework in Frameworks */ = {isa = PBXBuildFile; fileRef = 122262BC1E8B79B900F51FAE /* StoreKit.framework */; };
		122262C81E8B79B900F51FAE /* SystemConfiguration.framework in Frameworks */ = {isa = PBXBuildFile; fileRef = 122262BD1E8B79B900F51FAE /* SystemConfiguration.framework */; };
		122262CF1E8B7E6900F51FAE /* AWSCore.framework in Frameworks */ = {isa = PBXBuildFile; fileRef = 122262CD1E8B7E6900F51FAE /* AWSCore.framework */; };
		122262D01E8B7E6900F51FAE /* AWSCore.framework in Embed Frameworks */ = {isa = PBXBuildFile; fileRef = 122262CD1E8B7E6900F51FAE /* AWSCore.framework */; settings = {ATTRIBUTES = (CodeSignOnCopy, RemoveHeadersOnCopy, ); }; };
		122262D11E8B7E6900F51FAE /* AWSS3.framework in Frameworks */ = {isa = PBXBuildFile; fileRef = 122262CE1E8B7E6900F51FAE /* AWSS3.framework */; };
		122262D21E8B7E6900F51FAE /* AWSS3.framework in Embed Frameworks */ = {isa = PBXBuildFile; fileRef = 122262CE1E8B7E6900F51FAE /* AWSS3.framework */; settings = {ATTRIBUTES = (CodeSignOnCopy, RemoveHeadersOnCopy, ); }; };
		122262D71E8B81FC00F51FAE /* S3File.m in Sources */ = {isa = PBXBuildFile; fileRef = 122262D61E8B81FC00F51FAE /* S3File.m */; };
		122262DA1E8B822B00F51FAE /* ObjectIdStore.m in Sources */ = {isa = PBXBuildFile; fileRef = 122262D91E8B822B00F51FAE /* ObjectIdStore.m */; };
		126154091E8CBBEC00F2AD4F /* User.m in Sources */ = {isa = PBXBuildFile; fileRef = 126154081E8CBBEC00F2AD4F /* User.m */; };
		1261540B1E8CC85C00F2AD4F /* Extensions.m in Sources */ = {isa = PBXBuildFile; fileRef = 1261540A1E8CC85C00F2AD4F /* Extensions.m */; };
		126154101E8CCBB600F2AD4F /* Setup.m in Sources */ = {isa = PBXBuildFile; fileRef = 1261540F1E8CCBB600F2AD4F /* Setup.m */; };
		126154141E8CCC7900F2AD4F /* PhotoView.m in Sources */ = {isa = PBXBuildFile; fileRef = 126154131E8CCC7900F2AD4F /* PhotoView.m */; };
		12A95B8B1E92181B00DBD4A6 /* AddNicknameSubView.xib in Resources */ = {isa = PBXBuildFile; fileRef = 12A95B8A1E92181B00DBD4A6 /* AddNicknameSubView.xib */; };
		12A95B8D1E92183A00DBD4A6 /* AddIntroductionsSubView.xib in Resources */ = {isa = PBXBuildFile; fileRef = 12A95B8C1E92183A00DBD4A6 /* AddIntroductionsSubView.xib */; };
		12A95B8F1E92184500DBD4A6 /* AddAgeSubView.xib in Resources */ = {isa = PBXBuildFile; fileRef = 12A95B8E1E92184500DBD4A6 /* AddAgeSubView.xib */; };
		12A95B911E92185C00DBD4A6 /* AddMediaSubView.xib in Resources */ = {isa = PBXBuildFile; fileRef = 12A95B901E92185C00DBD4A6 /* AddMediaSubView.xib */; };
		12A95B941E92188200DBD4A6 /* WelcomeAndSetup.m in Sources */ = {isa = PBXBuildFile; fileRef = 12A95B931E92188200DBD4A6 /* WelcomeAndSetup.m */; };
		12A95B971E92380C00DBD4A6 /* AddNicknameSubView.m in Sources */ = {isa = PBXBuildFile; fileRef = 12A95B961E92380C00DBD4A6 /* AddNicknameSubView.m */; };
		12A95B9B1E93586700DBD4A6 /* WelcomeSubViewBase.m in Sources */ = {isa = PBXBuildFile; fileRef = 12A95B9A1E93586700DBD4A6 /* WelcomeSubViewBase.m */; };
		12A95B9E1E93590600DBD4A6 /* AddIntroductionsSubView.m in Sources */ = {isa = PBXBuildFile; fileRef = 12A95B9D1E93590600DBD4A6 /* AddIntroductionsSubView.m */; };
		12A95BA11E935D2000DBD4A6 /* AddMediaSubView.m in Sources */ = {isa = PBXBuildFile; fileRef = 12A95BA01E935D2000DBD4A6 /* AddMediaSubView.m */; };
		12A95BA31E948BED00DBD4A6 /* DeletableMediaCell.xib in Resources */ = {isa = PBXBuildFile; fileRef = 12A95BA21E948BED00DBD4A6 /* DeletableMediaCell.xib */; };
		12A95BA51E948D1300DBD4A6 /* AddMediaCell.xib in Resources */ = {isa = PBXBuildFile; fileRef = 12A95BA41E948D1300DBD4A6 /* AddMediaCell.xib */; };
/* End PBXBuildFile section */

/* Begin PBXCopyFilesBuildPhase section */
		122262D31E8B7E6900F51FAE /* Embed Frameworks */ = {
			isa = PBXCopyFilesBuildPhase;
			buildActionMask = 2147483647;
			dstPath = "";
			dstSubfolderSpec = 10;
			files = (
				122262D21E8B7E6900F51FAE /* AWSS3.framework in Embed Frameworks */,
				122262D01E8B7E6900F51FAE /* AWSCore.framework in Embed Frameworks */,
			);
			name = "Embed Frameworks";
			runOnlyForDeploymentPostprocessing = 0;
		};
/* End PBXCopyFilesBuildPhase section */

/* Begin PBXFileReference section */
		12082F921E9376D700E8D051 /* ShadowLabel.h */ = {isa = PBXFileReference; fileEncoding = 4; lastKnownFileType = sourcecode.c.h; path = ShadowLabel.h; sourceTree = "<group>"; };
		12082F931E9376D700E8D051 /* ShadowLabel.m */ = {isa = PBXFileReference; fileEncoding = 4; lastKnownFileType = sourcecode.c.objc; path = ShadowLabel.m; sourceTree = "<group>"; };
		12144DB51E934CEA000828BF /* ListField.h */ = {isa = PBXFileReference; fileEncoding = 4; lastKnownFileType = sourcecode.c.h; path = ListField.h; sourceTree = "<group>"; };
		12144DB61E934CEA000828BF /* ListField.m */ = {isa = PBXFileReference; fileEncoding = 4; lastKnownFileType = sourcecode.c.objc; path = ListField.m; sourceTree = "<group>"; };
		12144DB81E934EFB000828BF /* AddAgeSubView.h */ = {isa = PBXFileReference; fileEncoding = 4; lastKnownFileType = sourcecode.c.h; path = AddAgeSubView.h; sourceTree = "<group>"; };
		12144DB91E934EFB000828BF /* AddAgeSubView.m */ = {isa = PBXFileReference; fileEncoding = 4; lastKnownFileType = sourcecode.c.objc; path = AddAgeSubView.m; sourceTree = "<group>"; };
		121E15B31E95FE59009CCF51 /* MediaPicker.h */ = {isa = PBXFileReference; fileEncoding = 4; lastKnownFileType = sourcecode.c.h; path = MediaPicker.h; sourceTree = "<group>"; };
		121E15B41E95FE59009CCF51 /* MediaPicker.m */ = {isa = PBXFileReference; fileEncoding = 4; lastKnownFileType = sourcecode.c.objc; path = MediaPicker.m; sourceTree = "<group>"; };
		122262771E8B6E8000F51FAE /* WhoAreU.app */ = {isa = PBXFileReference; explicitFileType = wrapper.application; includeInIndex = 0; path = WhoAreU.app; sourceTree = BUILT_PRODUCTS_DIR; };
		1222627B1E8B6E8000F51FAE /* main.m */ = {isa = PBXFileReference; lastKnownFileType = sourcecode.c.objc; path = main.m; sourceTree = "<group>"; };
		1222627D1E8B6E8000F51FAE /* AppDelegate.h */ = {isa = PBXFileReference; lastKnownFileType = sourcecode.c.h; path = AppDelegate.h; sourceTree = "<group>"; };
		1222627E1E8B6E8000F51FAE /* AppDelegate.m */ = {isa = PBXFileReference; lastKnownFileType = sourcecode.c.objc; path = AppDelegate.m; sourceTree = "<group>"; };
		122262801E8B6E8000F51FAE /* ViewController.h */ = {isa = PBXFileReference; lastKnownFileType = sourcecode.c.h; path = ViewController.h; sourceTree = "<group>"; };
		122262811E8B6E8000F51FAE /* ViewController.m */ = {isa = PBXFileReference; lastKnownFileType = sourcecode.c.objc; path = ViewController.m; sourceTree = "<group>"; };
		122262841E8B6E8000F51FAE /* Base */ = {isa = PBXFileReference; lastKnownFileType = file.storyboard; name = Base; path = Base.lproj/Main.storyboard; sourceTree = "<group>"; };
		122262861E8B6E8000F51FAE /* Assets.xcassets */ = {isa = PBXFileReference; lastKnownFileType = folder.assetcatalog; path = Assets.xcassets; sourceTree = "<group>"; };
		122262891E8B6E8000F51FAE /* Base */ = {isa = PBXFileReference; lastKnownFileType = file.storyboard; name = Base; path = Base.lproj/LaunchScreen.storyboard; sourceTree = "<group>"; };
		1222628B1E8B6E8000F51FAE /* Info.plist */ = {isa = PBXFileReference; lastKnownFileType = text.plist.xml; path = Info.plist; sourceTree = "<group>"; };
		1222629F1E8B6EA600F51FAE /* Bolts.framework */ = {isa = PBXFileReference; lastKnownFileType = wrapper.framework; path = Bolts.framework; sourceTree = "<group>"; };
		122262A01E8B6EA600F51FAE /* Parse.framework */ = {isa = PBXFileReference; lastKnownFileType = wrapper.framework; path = Parse.framework; sourceTree = "<group>"; };
		122262A11E8B6EA600F51FAE /* ParseUI.framework */ = {isa = PBXFileReference; lastKnownFileType = wrapper.framework; path = ParseUI.framework; sourceTree = "<group>"; };
		122262B21E8B76EC00F51FAE /* WhoAreU.pch */ = {isa = PBXFileReference; lastKnownFileType = sourcecode.c.h; path = WhoAreU.pch; sourceTree = "<group>"; };
		122262B31E8B79B900F51FAE /* AudioToolbox.framework */ = {isa = PBXFileReference; lastKnownFileType = wrapper.framework; name = AudioToolbox.framework; path = System/Library/Frameworks/AudioToolbox.framework; sourceTree = SDKROOT; };
		122262B41E8B79B900F51FAE /* CFNetwork.framework */ = {isa = PBXFileReference; lastKnownFileType = wrapper.framework; name = CFNetwork.framework; path = System/Library/Frameworks/CFNetwork.framework; sourceTree = SDKROOT; };
		122262B51E8B79B900F51FAE /* CoreGraphics.framework */ = {isa = PBXFileReference; lastKnownFileType = wrapper.framework; name = CoreGraphics.framework; path = System/Library/Frameworks/CoreGraphics.framework; sourceTree = SDKROOT; };
		122262B61E8B79B900F51FAE /* CoreLocation.framework */ = {isa = PBXFileReference; lastKnownFileType = wrapper.framework; name = CoreLocation.framework; path = System/Library/Frameworks/CoreLocation.framework; sourceTree = SDKROOT; };
		122262B71E8B79B900F51FAE /* libsqlite3.0.tbd */ = {isa = PBXFileReference; lastKnownFileType = "sourcecode.text-based-dylib-definition"; name = libsqlite3.0.tbd; path = usr/lib/libsqlite3.0.tbd; sourceTree = SDKROOT; };
		122262B81E8B79B900F51FAE /* libz.tbd */ = {isa = PBXFileReference; lastKnownFileType = "sourcecode.text-based-dylib-definition"; name = libz.tbd; path = usr/lib/libz.tbd; sourceTree = SDKROOT; };
		122262B91E8B79B900F51FAE /* MapKit.framework */ = {isa = PBXFileReference; lastKnownFileType = wrapper.framework; name = MapKit.framework; path = System/Library/Frameworks/MapKit.framework; sourceTree = SDKROOT; };
		122262BA1E8B79B900F51FAE /* QuartzCore.framework */ = {isa = PBXFileReference; lastKnownFileType = wrapper.framework; name = QuartzCore.framework; path = System/Library/Frameworks/QuartzCore.framework; sourceTree = SDKROOT; };
		122262BB1E8B79B900F51FAE /* Security.framework */ = {isa = PBXFileReference; lastKnownFileType = wrapper.framework; name = Security.framework; path = System/Library/Frameworks/Security.framework; sourceTree = SDKROOT; };
		122262BC1E8B79B900F51FAE /* StoreKit.framework */ = {isa = PBXFileReference; lastKnownFileType = wrapper.framework; name = StoreKit.framework; path = System/Library/Frameworks/StoreKit.framework; sourceTree = SDKROOT; };
		122262BD1E8B79B900F51FAE /* SystemConfiguration.framework */ = {isa = PBXFileReference; lastKnownFileType = wrapper.framework; name = SystemConfiguration.framework; path = System/Library/Frameworks/SystemConfiguration.framework; sourceTree = SDKROOT; };
		122262CD1E8B7E6900F51FAE /* AWSCore.framework */ = {isa = PBXFileReference; lastKnownFileType = wrapper.framework; path = AWSCore.framework; sourceTree = "<group>"; };
		122262CE1E8B7E6900F51FAE /* AWSS3.framework */ = {isa = PBXFileReference; lastKnownFileType = wrapper.framework; path = AWSS3.framework; sourceTree = "<group>"; };
		122262D51E8B81FC00F51FAE /* S3File.h */ = {isa = PBXFileReference; fileEncoding = 4; lastKnownFileType = sourcecode.c.h; path = S3File.h; sourceTree = "<group>"; };
		122262D61E8B81FC00F51FAE /* S3File.m */ = {isa = PBXFileReference; fileEncoding = 4; lastKnownFileType = sourcecode.c.objc; path = S3File.m; sourceTree = "<group>"; };
		122262D81E8B822B00F51FAE /* ObjectIdStore.h */ = {isa = PBXFileReference; fileEncoding = 4; lastKnownFileType = sourcecode.c.h; path = ObjectIdStore.h; sourceTree = "<group>"; };
		122262D91E8B822B00F51FAE /* ObjectIdStore.m */ = {isa = PBXFileReference; fileEncoding = 4; lastKnownFileType = sourcecode.c.objc; path = ObjectIdStore.m; sourceTree = "<group>"; };
		126154071E8CBBEC00F2AD4F /* User.h */ = {isa = PBXFileReference; fileEncoding = 4; lastKnownFileType = sourcecode.c.h; path = User.h; sourceTree = "<group>"; };
		126154081E8CBBEC00F2AD4F /* User.m */ = {isa = PBXFileReference; fileEncoding = 4; lastKnownFileType = sourcecode.c.objc; path = User.m; sourceTree = "<group>"; };
		1261540A1E8CC85C00F2AD4F /* Extensions.m */ = {isa = PBXFileReference; fileEncoding = 4; lastKnownFileType = sourcecode.c.objc; path = Extensions.m; sourceTree = "<group>"; };
		1261540C1E8CC87100F2AD4F /* Extensions.h */ = {isa = PBXFileReference; lastKnownFileType = sourcecode.c.h; path = Extensions.h; sourceTree = "<group>"; };
		1261540E1E8CCBB600F2AD4F /* Setup.h */ = {isa = PBXFileReference; fileEncoding = 4; lastKnownFileType = sourcecode.c.h; path = Setup.h; sourceTree = "<group>"; };
		1261540F1E8CCBB600F2AD4F /* Setup.m */ = {isa = PBXFileReference; fileEncoding = 4; lastKnownFileType = sourcecode.c.objc; path = Setup.m; sourceTree = "<group>"; };
		126154121E8CCC7900F2AD4F /* PhotoView.h */ = {isa = PBXFileReference; fileEncoding = 4; lastKnownFileType = sourcecode.c.h; path = PhotoView.h; sourceTree = "<group>"; };
		126154131E8CCC7900F2AD4F /* PhotoView.m */ = {isa = PBXFileReference; fileEncoding = 4; lastKnownFileType = sourcecode.c.objc; path = PhotoView.m; sourceTree = "<group>"; };
		12A95B8A1E92181B00DBD4A6 /* AddNicknameSubView.xib */ = {isa = PBXFileReference; fileEncoding = 4; lastKnownFileType = file.xib; path = AddNicknameSubView.xib; sourceTree = "<group>"; };
		12A95B8C1E92183A00DBD4A6 /* AddIntroductionsSubView.xib */ = {isa = PBXFileReference; fileEncoding = 4; lastKnownFileType = file.xib; path = AddIntroductionsSubView.xib; sourceTree = "<group>"; };
		12A95B8E1E92184500DBD4A6 /* AddAgeSubView.xib */ = {isa = PBXFileReference; fileEncoding = 4; lastKnownFileType = file.xib; path = AddAgeSubView.xib; sourceTree = "<group>"; };
		12A95B901E92185C00DBD4A6 /* AddMediaSubView.xib */ = {isa = PBXFileReference; fileEncoding = 4; lastKnownFileType = file.xib; path = AddMediaSubView.xib; sourceTree = "<group>"; };
		12A95B921E92188200DBD4A6 /* WelcomeAndSetup.h */ = {isa = PBXFileReference; fileEncoding = 4; lastKnownFileType = sourcecode.c.h; path = WelcomeAndSetup.h; sourceTree = "<group>"; };
		12A95B931E92188200DBD4A6 /* WelcomeAndSetup.m */ = {isa = PBXFileReference; fileEncoding = 4; lastKnownFileType = sourcecode.c.objc; path = WelcomeAndSetup.m; sourceTree = "<group>"; };
		12A95B951E92380C00DBD4A6 /* AddNicknameSubView.h */ = {isa = PBXFileReference; fileEncoding = 4; lastKnownFileType = sourcecode.c.h; path = AddNicknameSubView.h; sourceTree = "<group>"; };
		12A95B961E92380C00DBD4A6 /* AddNicknameSubView.m */ = {isa = PBXFileReference; fileEncoding = 4; lastKnownFileType = sourcecode.c.objc; path = AddNicknameSubView.m; sourceTree = "<group>"; };
		12A95B991E93586700DBD4A6 /* WelcomeSubViewBase.h */ = {isa = PBXFileReference; fileEncoding = 4; lastKnownFileType = sourcecode.c.h; path = WelcomeSubViewBase.h; sourceTree = "<group>"; };
		12A95B9A1E93586700DBD4A6 /* WelcomeSubViewBase.m */ = {isa = PBXFileReference; fileEncoding = 4; lastKnownFileType = sourcecode.c.objc; path = WelcomeSubViewBase.m; sourceTree = "<group>"; };
		12A95B9C1E93590600DBD4A6 /* AddIntroductionsSubView.h */ = {isa = PBXFileReference; fileEncoding = 4; lastKnownFileType = sourcecode.c.h; path = AddIntroductionsSubView.h; sourceTree = "<group>"; };
		12A95B9D1E93590600DBD4A6 /* AddIntroductionsSubView.m */ = {isa = PBXFileReference; fileEncoding = 4; lastKnownFileType = sourcecode.c.objc; path = AddIntroductionsSubView.m; sourceTree = "<group>"; };
		12A95B9F1E935D2000DBD4A6 /* AddMediaSubView.h */ = {isa = PBXFileReference; fileEncoding = 4; lastKnownFileType = sourcecode.c.h; path = AddMediaSubView.h; sourceTree = "<group>"; };
		12A95BA01E935D2000DBD4A6 /* AddMediaSubView.m */ = {isa = PBXFileReference; fileEncoding = 4; lastKnownFileType = sourcecode.c.objc; path = AddMediaSubView.m; sourceTree = "<group>"; };
		12A95BA21E948BED00DBD4A6 /* DeletableMediaCell.xib */ = {isa = PBXFileReference; fileEncoding = 4; lastKnownFileType = file.xib; path = DeletableMediaCell.xib; sourceTree = "<group>"; };
		12A95BA41E948D1300DBD4A6 /* AddMediaCell.xib */ = {isa = PBXFileReference; fileEncoding = 4; lastKnownFileType = file.xib; path = AddMediaCell.xib; sourceTree = "<group>"; };
/* End PBXFileReference section */

/* Begin PBXFrameworksBuildPhase section */
		122262741E8B6E8000F51FAE /* Frameworks */ = {
			isa = PBXFrameworksBuildPhase;
			buildActionMask = 2147483647;
			files = (
				122262BE1E8B79B900F51FAE /* AudioToolbox.framework in Frameworks */,
				122262BF1E8B79B900F51FAE /* CFNetwork.framework in Frameworks */,
				122262C01E8B79B900F51FAE /* CoreGraphics.framework in Frameworks */,
				122262C11E8B79B900F51FAE /* CoreLocation.framework in Frameworks */,
				122262C21E8B79B900F51FAE /* libsqlite3.0.tbd in Frameworks */,
				122262C31E8B79B900F51FAE /* libz.tbd in Frameworks */,
				122262C41E8B79B900F51FAE /* MapKit.framework in Frameworks */,
				122262C51E8B79B900F51FAE /* QuartzCore.framework in Frameworks */,
				122262C61E8B79B900F51FAE /* Security.framework in Frameworks */,
				122262C71E8B79B900F51FAE /* StoreKit.framework in Frameworks */,
				122262C81E8B79B900F51FAE /* SystemConfiguration.framework in Frameworks */,
				122262CF1E8B7E6900F51FAE /* AWSCore.framework in Frameworks */,
				122262D11E8B7E6900F51FAE /* AWSS3.framework in Frameworks */,
				122262B01E8B6EA600F51FAE /* Parse.framework in Frameworks */,
				122262B11E8B6EA600F51FAE /* ParseUI.framework in Frameworks */,
				122262AF1E8B6EA600F51FAE /* Bolts.framework in Frameworks */,
			);
			runOnlyForDeploymentPostprocessing = 0;
		};
/* End PBXFrameworksBuildPhase section */

/* Begin PBXGroup section */
		1222626E1E8B6E8000F51FAE = {
			isa = PBXGroup;
			children = (
				122262911E8B6E8D00F51FAE /* Frameworks */,
				122262791E8B6E8000F51FAE /* WhoAreU */,
				122262781E8B6E8000F51FAE /* Products */,
			);
			sourceTree = "<group>";
		};
		122262781E8B6E8000F51FAE /* Products */ = {
			isa = PBXGroup;
			children = (
				122262771E8B6E8000F51FAE /* WhoAreU.app */,
			);
			name = Products;
			sourceTree = "<group>";
		};
		122262791E8B6E8000F51FAE /* WhoAreU */ = {
			isa = PBXGroup;
			children = (
				12A95B891E9217EC00DBD4A6 /* Welcome and Setup */,
				126154111E8CCC6500F2AD4F /* Views */,
				1261540D1E8CCB9B00F2AD4F /* View Controllers */,
				126154061E8CBBAD00F2AD4F /* Engine */,
				1222627D1E8B6E8000F51FAE /* AppDelegate.h */,
				1222627E1E8B6E8000F51FAE /* AppDelegate.m */,
				122262801E8B6E8000F51FAE /* ViewController.h */,
				122262811E8B6E8000F51FAE /* ViewController.m */,
				122262831E8B6E8000F51FAE /* Main.storyboard */,
				122262861E8B6E8000F51FAE /* Assets.xcassets */,
				122262881E8B6E8000F51FAE /* LaunchScreen.storyboard */,
				1222628B1E8B6E8000F51FAE /* Info.plist */,
				1222627A1E8B6E8000F51FAE /* Supporting Files */,
			);
			path = WhoAreU;
			sourceTree = "<group>";
		};
		1222627A1E8B6E8000F51FAE /* Supporting Files */ = {
			isa = PBXGroup;
			children = (
				122262D51E8B81FC00F51FAE /* S3File.h */,
				122262D61E8B81FC00F51FAE /* S3File.m */,
				122262D81E8B822B00F51FAE /* ObjectIdStore.h */,
				122262D91E8B822B00F51FAE /* ObjectIdStore.m */,
				1222627B1E8B6E8000F51FAE /* main.m */,
				122262B21E8B76EC00F51FAE /* WhoAreU.pch */,
			);
			name = "Supporting Files";
			sourceTree = "<group>";
		};
		122262911E8B6E8D00F51FAE /* Frameworks */ = {
			isa = PBXGroup;
			children = (
				122262CD1E8B7E6900F51FAE /* AWSCore.framework */,
				122262CE1E8B7E6900F51FAE /* AWSS3.framework */,
				122262B31E8B79B900F51FAE /* AudioToolbox.framework */,
				122262B41E8B79B900F51FAE /* CFNetwork.framework */,
				122262B51E8B79B900F51FAE /* CoreGraphics.framework */,
				122262B61E8B79B900F51FAE /* CoreLocation.framework */,
				122262B71E8B79B900F51FAE /* libsqlite3.0.tbd */,
				122262B81E8B79B900F51FAE /* libz.tbd */,
				122262B91E8B79B900F51FAE /* MapKit.framework */,
				122262BA1E8B79B900F51FAE /* QuartzCore.framework */,
				122262BB1E8B79B900F51FAE /* Security.framework */,
				122262BC1E8B79B900F51FAE /* StoreKit.framework */,
				122262BD1E8B79B900F51FAE /* SystemConfiguration.framework */,
				1222629F1E8B6EA600F51FAE /* Bolts.framework */,
				122262A01E8B6EA600F51FAE /* Parse.framework */,
				122262A11E8B6EA600F51FAE /* ParseUI.framework */,
			);
			name = Frameworks;
			sourceTree = "<group>";
		};
		126154061E8CBBAD00F2AD4F /* Engine */ = {
			isa = PBXGroup;
			children = (
				12144DB51E934CEA000828BF /* ListField.h */,
				12144DB61E934CEA000828BF /* ListField.m */,
				126154071E8CBBEC00F2AD4F /* User.h */,
				126154081E8CBBEC00F2AD4F /* User.m */,
				1261540A1E8CC85C00F2AD4F /* Extensions.m */,
				1261540C1E8CC87100F2AD4F /* Extensions.h */,
				12082F921E9376D700E8D051 /* ShadowLabel.h */,
				12082F931E9376D700E8D051 /* ShadowLabel.m */,
				121E15B31E95FE59009CCF51 /* MediaPicker.h */,
				121E15B41E95FE59009CCF51 /* MediaPicker.m */,
			);
			name = Engine;
			sourceTree = "<group>";
		};
		1261540D1E8CCB9B00F2AD4F /* View Controllers */ = {
			isa = PBXGroup;
			children = (
				1261540E1E8CCBB600F2AD4F /* Setup.h */,
				1261540F1E8CCBB600F2AD4F /* Setup.m */,
			);
			name = "View Controllers";
			sourceTree = "<group>";
		};
		126154111E8CCC6500F2AD4F /* Views */ = {
			isa = PBXGroup;
			children = (
				126154121E8CCC7900F2AD4F /* PhotoView.h */,
				126154131E8CCC7900F2AD4F /* PhotoView.m */,
			);
			name = Views;
			sourceTree = "<group>";
		};
		12A95B891E9217EC00DBD4A6 /* Welcome and Setup */ = {
			isa = PBXGroup;
			children = (
				12A95B8A1E92181B00DBD4A6 /* AddNicknameSubView.xib */,
				12A95B951E92380C00DBD4A6 /* AddNicknameSubView.h */,
				12A95B961E92380C00DBD4A6 /* AddNicknameSubView.m */,
				12A95B8C1E92183A00DBD4A6 /* AddIntroductionsSubView.xib */,
				12A95B9C1E93590600DBD4A6 /* AddIntroductionsSubView.h */,
				12A95B9D1E93590600DBD4A6 /* AddIntroductionsSubView.m */,
				12A95B8E1E92184500DBD4A6 /* AddAgeSubView.xib */,
				12144DB81E934EFB000828BF /* AddAgeSubView.h */,
				12144DB91E934EFB000828BF /* AddAgeSubView.m */,
				12A95B901E92185C00DBD4A6 /* AddMediaSubView.xib */,
				12A95B9F1E935D2000DBD4A6 /* AddMediaSubView.h */,
				12A95BA01E935D2000DBD4A6 /* AddMediaSubView.m */,
				12A95BA21E948BED00DBD4A6 /* DeletableMediaCell.xib */,
				12A95BA41E948D1300DBD4A6 /* AddMediaCell.xib */,
				12A95B921E92188200DBD4A6 /* WelcomeAndSetup.h */,
				12A95B931E92188200DBD4A6 /* WelcomeAndSetup.m */,
				12A95B991E93586700DBD4A6 /* WelcomeSubViewBase.h */,
				12A95B9A1E93586700DBD4A6 /* WelcomeSubViewBase.m */,
			);
			name = "Welcome and Setup";
			sourceTree = "<group>";
		};
/* End PBXGroup section */

/* Begin PBXNativeTarget section */
		122262761E8B6E8000F51FAE /* WhoAreU */ = {
			isa = PBXNativeTarget;
			buildConfigurationList = 1222628E1E8B6E8000F51FAE /* Build configuration list for PBXNativeTarget "WhoAreU" */;
			buildPhases = (
				122262731E8B6E8000F51FAE /* Sources */,
				122262741E8B6E8000F51FAE /* Frameworks */,
				122262751E8B6E8000F51FAE /* Resources */,
				122262D31E8B7E6900F51FAE /* Embed Frameworks */,
				122262D41E8B810700F51FAE /* ShellScript */,
			);
			buildRules = (
			);
			dependencies = (
			);
			name = WhoAreU;
			productName = WhoAreU;
			productReference = 122262771E8B6E8000F51FAE /* WhoAreU.app */;
			productType = "com.apple.product-type.application";
		};
/* End PBXNativeTarget section */

/* Begin PBXProject section */
		1222626F1E8B6E8000F51FAE /* Project object */ = {
			isa = PBXProject;
			attributes = {
				LastUpgradeCheck = 0820;
				ORGANIZATIONNAME = "SMARTLY CO.";
				TargetAttributes = {
					122262761E8B6E8000F51FAE = {
						CreatedOnToolsVersion = 8.2.1;
						DevelopmentTeam = A52TMCAM33;
						ProvisioningStyle = Automatic;
						SystemCapabilities = {
							com.apple.BackgroundModes = {
								enabled = 1;
							};
						};
					};
				};
			};
			buildConfigurationList = 122262721E8B6E8000F51FAE /* Build configuration list for PBXProject "WhoAreU" */;
			compatibilityVersion = "Xcode 3.2";
			developmentRegion = English;
			hasScannedForEncodings = 0;
			knownRegions = (
				en,
				Base,
			);
			mainGroup = 1222626E1E8B6E8000F51FAE;
			productRefGroup = 122262781E8B6E8000F51FAE /* Products */;
			projectDirPath = "";
			projectRoot = "";
			targets = (
				122262761E8B6E8000F51FAE /* WhoAreU */,
			);
		};
/* End PBXProject section */

/* Begin PBXResourcesBuildPhase section */
		122262751E8B6E8000F51FAE /* Resources */ = {
			isa = PBXResourcesBuildPhase;
			buildActionMask = 2147483647;
			files = (
				12A95B911E92185C00DBD4A6 /* AddMediaSubView.xib in Resources */,
				12A95B8D1E92183A00DBD4A6 /* AddIntroductionsSubView.xib in Resources */,
				1222628A1E8B6E8000F51FAE /* LaunchScreen.storyboard in Resources */,
				122262871E8B6E8000F51FAE /* Assets.xcassets in Resources */,
				122262851E8B6E8000F51FAE /* Main.storyboard in Resources */,
				12A95B8B1E92181B00DBD4A6 /* AddNicknameSubView.xib in Resources */,
				12A95BA31E948BED00DBD4A6 /* DeletableMediaCell.xib in Resources */,
				12A95B8F1E92184500DBD4A6 /* AddAgeSubView.xib in Resources */,
				12A95BA51E948D1300DBD4A6 /* AddMediaCell.xib in Resources */,
			);
			runOnlyForDeploymentPostprocessing = 0;
		};
/* End PBXResourcesBuildPhase section */

/* Begin PBXShellScriptBuildPhase section */
		122262D41E8B810700F51FAE /* ShellScript */ = {
			isa = PBXShellScriptBuildPhase;
			buildActionMask = 2147483647;
			files = (
			);
			inputPaths = (
			);
			outputPaths = (
			);
			runOnlyForDeploymentPostprocessing = 0;
			shellPath = /bin/sh;
			shellScript = "bash \"${BUILT_PRODUCTS_DIR}/${FRAMEWORKS_FOLDER_PATH}/AWSCore.framework/strip-frameworks.sh\"";
		};
/* End PBXShellScriptBuildPhase section */

/* Begin PBXSourcesBuildPhase section */
		122262731E8B6E8000F51FAE /* Sources */ = {
			isa = PBXSourcesBuildPhase;
			buildActionMask = 2147483647;
			files = (
				12A95B941E92188200DBD4A6 /* WelcomeAndSetup.m in Sources */,
				12A95B971E92380C00DBD4A6 /* AddNicknameSubView.m in Sources */,
				126154141E8CCC7900F2AD4F /* PhotoView.m in Sources */,
				12A95B9B1E93586700DBD4A6 /* WelcomeSubViewBase.m in Sources */,
				122262821E8B6E8000F51FAE /* ViewController.m in Sources */,
				122262D71E8B81FC00F51FAE /* S3File.m in Sources */,
				12A95B9E1E93590600DBD4A6 /* AddIntroductionsSubView.m in Sources */,
				126154091E8CBBEC00F2AD4F /* User.m in Sources */,
				12144DBA1E934EFB000828BF /* AddAgeSubView.m in Sources */,
				12082F941E9376D700E8D051 /* ShadowLabel.m in Sources */,
				12144DB71E934CEA000828BF /* ListField.m in Sources */,
				12A95BA11E935D2000DBD4A6 /* AddMediaSubView.m in Sources */,
				126154101E8CCBB600F2AD4F /* Setup.m in Sources */,
				1261540B1E8CC85C00F2AD4F /* Extensions.m in Sources */,
				122262DA1E8B822B00F51FAE /* ObjectIdStore.m in Sources */,
				1222627F1E8B6E8000F51FAE /* AppDelegate.m in Sources */,
				121E15B51E95FE59009CCF51 /* MediaPicker.m in Sources */,
				1222627C1E8B6E8000F51FAE /* main.m in Sources */,
			);
			runOnlyForDeploymentPostprocessing = 0;
		};
/* End PBXSourcesBuildPhase section */

/* Begin PBXVariantGroup section */
		122262831E8B6E8000F51FAE /* Main.storyboard */ = {
			isa = PBXVariantGroup;
			children = (
				122262841E8B6E8000F51FAE /* Base */,
			);
			name = Main.storyboard;
			sourceTree = "<group>";
		};
		122262881E8B6E8000F51FAE /* LaunchScreen.storyboard */ = {
			isa = PBXVariantGroup;
			children = (
				122262891E8B6E8000F51FAE /* Base */,
			);
			name = LaunchScreen.storyboard;
			sourceTree = "<group>";
		};
/* End PBXVariantGroup section */

/* Begin XCBuildConfiguration section */
		1222628C1E8B6E8000F51FAE /* Debug */ = {
			isa = XCBuildConfiguration;
			buildSettings = {
				ALWAYS_SEARCH_USER_PATHS = NO;
				CLANG_ANALYZER_NONNULL = YES;
				CLANG_CXX_LANGUAGE_STANDARD = "gnu++0x";
				CLANG_CXX_LIBRARY = "libc++";
				CLANG_ENABLE_MODULES = YES;
				CLANG_ENABLE_OBJC_ARC = YES;
				CLANG_WARN_BOOL_CONVERSION = YES;
				CLANG_WARN_CONSTANT_CONVERSION = YES;
				CLANG_WARN_DIRECT_OBJC_ISA_USAGE = YES_ERROR;
				CLANG_WARN_DOCUMENTATION_COMMENTS = YES;
				CLANG_WARN_EMPTY_BODY = YES;
				CLANG_WARN_ENUM_CONVERSION = YES;
				CLANG_WARN_INFINITE_RECURSION = YES;
				CLANG_WARN_INT_CONVERSION = YES;
				CLANG_WARN_OBJC_ROOT_CLASS = YES_ERROR;
				CLANG_WARN_SUSPICIOUS_MOVE = YES;
				CLANG_WARN_UNREACHABLE_CODE = YES;
				CLANG_WARN__DUPLICATE_METHOD_MATCH = YES;
				"CODE_SIGN_IDENTITY[sdk=iphoneos*]" = "iPhone Developer";
				COPY_PHASE_STRIP = NO;
				DEBUG_INFORMATION_FORMAT = dwarf;
				ENABLE_STRICT_OBJC_MSGSEND = YES;
				ENABLE_TESTABILITY = YES;
				GCC_C_LANGUAGE_STANDARD = gnu99;
				GCC_DYNAMIC_NO_PIC = NO;
				GCC_NO_COMMON_BLOCKS = YES;
				GCC_OPTIMIZATION_LEVEL = 0;
				GCC_PRECOMPILE_PREFIX_HEADER = YES;
				GCC_PREFIX_HEADER = WhoAreU/WhoAreU.pch;
				GCC_PREPROCESSOR_DEFINITIONS = (
					"DEBUG=1",
					"$(inherited)",
				);
				GCC_WARN_64_TO_32_BIT_CONVERSION = YES;
				GCC_WARN_ABOUT_RETURN_TYPE = YES_ERROR;
				GCC_WARN_UNDECLARED_SELECTOR = YES;
				GCC_WARN_UNINITIALIZED_AUTOS = YES_AGGRESSIVE;
				GCC_WARN_UNUSED_FUNCTION = YES;
				GCC_WARN_UNUSED_VARIABLE = YES;
				IPHONEOS_DEPLOYMENT_TARGET = 10.2;
				MTL_ENABLE_DEBUG_INFO = YES;
				ONLY_ACTIVE_ARCH = YES;
				SDKROOT = iphoneos;
			};
			name = Debug;
		};
		1222628D1E8B6E8000F51FAE /* Release */ = {
			isa = XCBuildConfiguration;
			buildSettings = {
				ALWAYS_SEARCH_USER_PATHS = NO;
				CLANG_ANALYZER_NONNULL = YES;
				CLANG_CXX_LANGUAGE_STANDARD = "gnu++0x";
				CLANG_CXX_LIBRARY = "libc++";
				CLANG_ENABLE_MODULES = YES;
				CLANG_ENABLE_OBJC_ARC = YES;
				CLANG_WARN_BOOL_CONVERSION = YES;
				CLANG_WARN_CONSTANT_CONVERSION = YES;
				CLANG_WARN_DIRECT_OBJC_ISA_USAGE = YES_ERROR;
				CLANG_WARN_DOCUMENTATION_COMMENTS = YES;
				CLANG_WARN_EMPTY_BODY = YES;
				CLANG_WARN_ENUM_CONVERSION = YES;
				CLANG_WARN_INFINITE_RECURSION = YES;
				CLANG_WARN_INT_CONVERSION = YES;
				CLANG_WARN_OBJC_ROOT_CLASS = YES_ERROR;
				CLANG_WARN_SUSPICIOUS_MOVE = YES;
				CLANG_WARN_UNREACHABLE_CODE = YES;
				CLANG_WARN__DUPLICATE_METHOD_MATCH = YES;
				"CODE_SIGN_IDENTITY[sdk=iphoneos*]" = "iPhone Developer";
				COPY_PHASE_STRIP = NO;
				DEBUG_INFORMATION_FORMAT = "dwarf-with-dsym";
				ENABLE_NS_ASSERTIONS = NO;
				ENABLE_STRICT_OBJC_MSGSEND = YES;
				GCC_C_LANGUAGE_STANDARD = gnu99;
				GCC_NO_COMMON_BLOCKS = YES;
				GCC_PRECOMPILE_PREFIX_HEADER = YES;
				GCC_PREFIX_HEADER = WhoAreU/WhoAreU.pch;
				GCC_WARN_64_TO_32_BIT_CONVERSION = YES;
				GCC_WARN_ABOUT_RETURN_TYPE = YES_ERROR;
				GCC_WARN_UNDECLARED_SELECTOR = YES;
				GCC_WARN_UNINITIALIZED_AUTOS = YES_AGGRESSIVE;
				GCC_WARN_UNUSED_FUNCTION = YES;
				GCC_WARN_UNUSED_VARIABLE = YES;
				IPHONEOS_DEPLOYMENT_TARGET = 10.2;
				MTL_ENABLE_DEBUG_INFO = NO;
				SDKROOT = iphoneos;
				VALIDATE_PRODUCT = YES;
			};
			name = Release;
		};
		1222628F1E8B6E8000F51FAE /* Debug */ = {
			isa = XCBuildConfiguration;
			buildSettings = {
				ASSETCATALOG_COMPILER_APPICON_NAME = AppIcon;
				DEVELOPMENT_TEAM = A52TMCAM33;
				FRAMEWORK_SEARCH_PATHS = (
					"$(inherited)",
					"$(PROJECT_DIR)",
				);
				INFOPLIST_FILE = WhoAreU/Info.plist;
				LD_RUNPATH_SEARCH_PATHS = "$(inherited) @executable_path/Frameworks";
				LIBRARY_SEARCH_PATHS = (
					"$(inherited)",
					"$(PROJECT_DIR)",
				);
				PRODUCT_BUNDLE_IDENTIFIER = kr.smartly.WhoAreU;
				PRODUCT_NAME = "$(TARGET_NAME)";
			};
			name = Debug;
		};
		122262901E8B6E8000F51FAE /* Release */ = {
			isa = XCBuildConfiguration;
			buildSettings = {
				ASSETCATALOG_COMPILER_APPICON_NAME = AppIcon;
				DEVELOPMENT_TEAM = A52TMCAM33;
				FRAMEWORK_SEARCH_PATHS = (
					"$(inherited)",
					"$(PROJECT_DIR)",
				);
				INFOPLIST_FILE = WhoAreU/Info.plist;
				LD_RUNPATH_SEARCH_PATHS = "$(inherited) @executable_path/Frameworks";
				LIBRARY_SEARCH_PATHS = (
					"$(inherited)",
					"$(PROJECT_DIR)",
				);
				PRODUCT_BUNDLE_IDENTIFIER = kr.smartly.WhoAreU;
				PRODUCT_NAME = "$(TARGET_NAME)";
			};
			name = Release;
		};
/* End XCBuildConfiguration section */

/* Begin XCConfigurationList section */
		122262721E8B6E8000F51FAE /* Build configuration list for PBXProject "WhoAreU" */ = {
			isa = XCConfigurationList;
			buildConfigurations = (
				1222628C1E8B6E8000F51FAE /* Debug */,
				1222628D1E8B6E8000F51FAE /* Release */,
			);
			defaultConfigurationIsVisible = 0;
			defaultConfigurationName = Release;
		};
		1222628E1E8B6E8000F51FAE /* Build configuration list for PBXNativeTarget "WhoAreU" */ = {
			isa = XCConfigurationList;
			buildConfigurations = (
				1222628F1E8B6E8000F51FAE /* Debug */,
				122262901E8B6E8000F51FAE /* Release */,
			);
			defaultConfigurationIsVisible = 0;
			defaultConfigurationName = Release;
		};
/* End XCConfigurationList section */
	};
	rootObject = 1222626F1E8B6E8000F51FAE /* Project object */;
}
