// !$*UTF8*$!
{
	archiveVersion = 1;
	classes = {
	};
	objectVersion = 46;
	objects = {

/* Begin PBXBuildFile section */
		12082F941E9376D700E8D051 /* ShadowLabel.m in Sources */ = {isa = PBXBuildFile; fileRef = 12082F931E9376D700E8D051 /* ShadowLabel.m */; };
		120A02421ED8602300547CDA /* PopupMenu.m in Sources */ = {isa = PBXBuildFile; fileRef = 120A02411ED8602300547CDA /* PopupMenu.m */; };
		120A02451ED92C5400547CDA /* DropDownNavigationItem.m in Sources */ = {isa = PBXBuildFile; fileRef = 120A02441ED92C5400547CDA /* DropDownNavigationItem.m */; };
		120A02481EDBDA7500547CDA /* EntryPoint.m in Sources */ = {isa = PBXBuildFile; fileRef = 120A02471EDBDA7500547CDA /* EntryPoint.m */; };
		12134D501EBC0615001EEC5E /* Chats.m in Sources */ = {isa = PBXBuildFile; fileRef = 12134D4F1EBC0615001EEC5E /* Chats.m */; };
		12144DB71E934CEA000828BF /* ListField.m in Sources */ = {isa = PBXBuildFile; fileRef = 12144DB61E934CEA000828BF /* ListField.m */; };
		1215C5AA1EA6F88000BA509E /* Compass.m in Sources */ = {isa = PBXBuildFile; fileRef = 1215C5A91EA6F88000BA509E /* Compass.m */; };
		121723081ECFEEF100494A4E /* ChatRow.m in Sources */ = {isa = PBXBuildFile; fileRef = 121723071ECFEEF100494A4E /* ChatRow.m */; };
		1217547F1F01E52F00C7D64B /* MessageView.m in Sources */ = {isa = PBXBuildFile; fileRef = 1217547E1F01E52F00C7D64B /* MessageView.m */; };
		121754821F0484DB00C7D64B /* Card.m in Sources */ = {isa = PBXBuildFile; fileRef = 121754811F0484DB00C7D64B /* Card.m */; };
		121754841F048AA700C7D64B /* Card.xib in Resources */ = {isa = PBXBuildFile; fileRef = 121754831F048AA700C7D64B /* Card.xib */; };
		121754871F0494A200C7D64B /* Cards.m in Sources */ = {isa = PBXBuildFile; fileRef = 121754861F0494A200C7D64B /* Cards.m */; };
		1217548A1F05FDF400C7D64B /* MediaPlayer.m in Sources */ = {isa = PBXBuildFile; fileRef = 121754891F05FDF400C7D64B /* MediaPlayer.m */; };
		121754901F07394200C7D64B /* Collection.m in Sources */ = {isa = PBXBuildFile; fileRef = 1217548F1F07394200C7D64B /* Collection.m */; };
		121754931F0C7AC800C7D64B /* LocationViewController.m in Sources */ = {isa = PBXBuildFile; fileRef = 121754921F0C7AC800C7D64B /* LocationViewController.m */; };
		121E15B51E95FE59009CCF51 /* MediaPicker.m in Sources */ = {isa = PBXBuildFile; fileRef = 121E15B41E95FE59009CCF51 /* MediaPicker.m */; };
		122114501F1EE3570066F6CC /* MainMenuViewController.m in Sources */ = {isa = PBXBuildFile; fileRef = 1221144F1F1EE3570066F6CC /* MainMenuViewController.m */; };
		122114531F1EEC200066F6CC /* TGLGuillotineMenu.m in Sources */ = {isa = PBXBuildFile; fileRef = 122114521F1EEC200066F6CC /* TGLGuillotineMenu.m */; };
		1222627C1E8B6E8000F51FAE /* main.m in Sources */ = {isa = PBXBuildFile; fileRef = 1222627B1E8B6E8000F51FAE /* main.m */; };
		1222627F1E8B6E8000F51FAE /* AppDelegate.m in Sources */ = {isa = PBXBuildFile; fileRef = 1222627E1E8B6E8000F51FAE /* AppDelegate.m */; };
		122262821E8B6E8000F51FAE /* ViewController.m in Sources */ = {isa = PBXBuildFile; fileRef = 122262811E8B6E8000F51FAE /* ViewController.m */; };
		122262851E8B6E8000F51FAE /* Main.storyboard in Resources */ = {isa = PBXBuildFile; fileRef = 122262831E8B6E8000F51FAE /* Main.storyboard */; };
		122262871E8B6E8000F51FAE /* Assets.xcassets in Resources */ = {isa = PBXBuildFile; fileRef = 122262861E8B6E8000F51FAE /* Assets.xcassets */; };
		1222628A1E8B6E8000F51FAE /* LaunchScreen.storyboard in Resources */ = {isa = PBXBuildFile; fileRef = 122262881E8B6E8000F51FAE /* LaunchScreen.storyboard */; };
		122262AF1E8B6EA600F51FAE /* Bolts.framework in Frameworks */ = {isa = PBXBuildFile; fileRef = 1222629F1E8B6EA600F51FAE /* Bolts.framework */; };
		122262B01E8B6EA600F51FAE /* Parse.framework in Frameworks */ = {isa = PBXBuildFile; fileRef = 122262A01E8B6EA600F51FAE /* Parse.framework */; };
		122262B11E8B6EA600F51FAE /* ParseUI.framework in Frameworks */ = {isa = PBXBuildFile; fileRef = 122262A11E8B6EA600F51FAE /* ParseUI.framework */; };
		122262BE1E8B79B900F51FAE /* AudioToolbox.framework in Frameworks */ = {isa = PBXBuildFile; fileRef = 122262B31E8B79B900F51FAE /* AudioToolbox.framework */; };
		122262BF1E8B79B900F51FAE /* CFNetwork.framework in Frameworks */ = {isa = PBXBuildFile; fileRef = 122262B41E8B79B900F51FAE /* CFNetwork.framework */; };
		122262C01E8B79B900F51FAE /* CoreGraphics.framework in Frameworks */ = {isa = PBXBuildFile; fileRef = 122262B51E8B79B900F51FAE /* CoreGraphics.framework */; };
		122262C11E8B79B900F51FAE /* CoreLocation.framework in Frameworks */ = {isa = PBXBuildFile; fileRef = 122262B61E8B79B900F51FAE /* CoreLocation.framework */; };
		122262C21E8B79B900F51FAE /* libsqlite3.0.tbd in Frameworks */ = {isa = PBXBuildFile; fileRef = 122262B71E8B79B900F51FAE /* libsqlite3.0.tbd */; };
		122262C31E8B79B900F51FAE /* libz.tbd in Frameworks */ = {isa = PBXBuildFile; fileRef = 122262B81E8B79B900F51FAE /* libz.tbd */; };
		122262C41E8B79B900F51FAE /* MapKit.framework in Frameworks */ = {isa = PBXBuildFile; fileRef = 122262B91E8B79B900F51FAE /* MapKit.framework */; };
		122262C51E8B79B900F51FAE /* QuartzCore.framework in Frameworks */ = {isa = PBXBuildFile; fileRef = 122262BA1E8B79B900F51FAE /* QuartzCore.framework */; };
		122262C61E8B79B900F51FAE /* Security.framework in Frameworks */ = {isa = PBXBuildFile; fileRef = 122262BB1E8B79B900F51FAE /* Security.framework */; };
		122262C71E8B79B900F51FAE /* StoreKit.framework in Frameworks */ = {isa = PBXBuildFile; fileRef = 122262BC1E8B79B900F51FAE /* StoreKit.framework */; };
		122262C81E8B79B900F51FAE /* SystemConfiguration.framework in Frameworks */ = {isa = PBXBuildFile; fileRef = 122262BD1E8B79B900F51FAE /* SystemConfiguration.framework */; };
		122262CF1E8B7E6900F51FAE /* AWSCore.framework in Frameworks */ = {isa = PBXBuildFile; fileRef = 122262CD1E8B7E6900F51FAE /* AWSCore.framework */; };
		122262D01E8B7E6900F51FAE /* AWSCore.framework in Embed Frameworks */ = {isa = PBXBuildFile; fileRef = 122262CD1E8B7E6900F51FAE /* AWSCore.framework */; settings = {ATTRIBUTES = (CodeSignOnCopy, RemoveHeadersOnCopy, ); }; };
		122262D11E8B7E6900F51FAE /* AWSS3.framework in Frameworks */ = {isa = PBXBuildFile; fileRef = 122262CE1E8B7E6900F51FAE /* AWSS3.framework */; };
		122262D21E8B7E6900F51FAE /* AWSS3.framework in Embed Frameworks */ = {isa = PBXBuildFile; fileRef = 122262CE1E8B7E6900F51FAE /* AWSS3.framework */; settings = {ATTRIBUTES = (CodeSignOnCopy, RemoveHeadersOnCopy, ); }; };
		122262D71E8B81FC00F51FAE /* S3File.m in Sources */ = {isa = PBXBuildFile; fileRef = 122262D61E8B81FC00F51FAE /* S3File.m */; };
		122262DA1E8B822B00F51FAE /* ObjectIdStore.m in Sources */ = {isa = PBXBuildFile; fileRef = 122262D91E8B822B00F51FAE /* ObjectIdStore.m */; };
		1225F01C1EB02B1E002763A0 /* ModalAnimator.m in Sources */ = {isa = PBXBuildFile; fileRef = 1225F0191EB02B1E002763A0 /* ModalAnimator.m */; };
		1225F01D1EB02B1E002763A0 /* ModalViewController.m in Sources */ = {isa = PBXBuildFile; fileRef = 1225F01B1EB02B1E002763A0 /* ModalViewController.m */; };
		1225F0201EB07491002763A0 /* Credits.m in Sources */ = {isa = PBXBuildFile; fileRef = 1225F01F1EB07491002763A0 /* Credits.m */; };
		122DFAB61EDCF5A700581C6B /* Setting.m in Sources */ = {isa = PBXBuildFile; fileRef = 122DFAB51EDCF5A700581C6B /* Setting.m */; };
		12322CB21EFB665E00A0BBDD /* SubProfile.m in Sources */ = {isa = PBXBuildFile; fileRef = 12322CB11EFB665E00A0BBDD /* SubProfile.m */; };
		1233F2281ECC5D9F00154CE6 /* WebSocket.m in Sources */ = {isa = PBXBuildFile; fileRef = 1233F2271ECC5D9F00154CE6 /* WebSocket.m */; };
		123AF15C1EA07DF300ED0547 /* Preview.m in Sources */ = {isa = PBXBuildFile; fileRef = 123AF15B1EA07DF300ED0547 /* Preview.m */; };
		123AF15F1EA1AF7500ED0547 /* Chat.m in Sources */ = {isa = PBXBuildFile; fileRef = 123AF15E1EA1AF7500ED0547 /* Chat.m */; };
		124587451EBD61CF00746AAF /* Refresh.m in Sources */ = {isa = PBXBuildFile; fileRef = 124587441EBD61CF00746AAF /* Refresh.m */; };
		124587481EBD92F400746AAF /* BalloonLabel.m in Sources */ = {isa = PBXBuildFile; fileRef = 124587471EBD92F400746AAF /* BalloonLabel.m */; };
		1245874F1EBF40BD00746AAF /* NSDateTimeAgo.bundle in Resources */ = {isa = PBXBuildFile; fileRef = 1245874C1EBF40BD00746AAF /* NSDateTimeAgo.bundle */; };
		124587501EBF40BD00746AAF /* NSDate+TimeAgo.m in Sources */ = {isa = PBXBuildFile; fileRef = 1245874E1EBF40BD00746AAF /* NSDate+TimeAgo.m */; };
		124587531EC0248700746AAF /* Channels.m in Sources */ = {isa = PBXBuildFile; fileRef = 124587521EC0248700746AAF /* Channels.m */; };
		124587561EC3F2B100746AAF /* MediaView.m in Sources */ = {isa = PBXBuildFile; fileRef = 124587551EC3F2B100746AAF /* MediaView.m */; };
		124587591EC3F3E100746AAF /* CenterScrollView.m in Sources */ = {isa = PBXBuildFile; fileRef = 124587581EC3F3E100746AAF /* CenterScrollView.m */; };
		1249DD4B1EAC46CA00E9E39F /* MediaCollection.m in Sources */ = {isa = PBXBuildFile; fileRef = 1249DD4A1EAC46CA00E9E39F /* MediaCollection.m */; };
		125690AA1EF6AB3000723771 /* ProfileMain.m in Sources */ = {isa = PBXBuildFile; fileRef = 125690A91EF6AB3000723771 /* ProfileMain.m */; };
		126154091E8CBBEC00F2AD4F /* User.m in Sources */ = {isa = PBXBuildFile; fileRef = 126154081E8CBBEC00F2AD4F /* User.m */; };
		126154141E8CCC7900F2AD4F /* PhotoView.m in Sources */ = {isa = PBXBuildFile; fileRef = 126154131E8CCC7900F2AD4F /* PhotoView.m */; };
		12843FF91EECC72C00AF0BDE /* Photo.m in Sources */ = {isa = PBXBuildFile; fileRef = 12843FF81EECC72C00AF0BDE /* Photo.m */; };
		1289C39E1EA7956000A69146 /* IndentedLabel.m in Sources */ = {isa = PBXBuildFile; fileRef = 1289C39D1EA7956000A69146 /* IndentedLabel.m */; };
		1289C3A01EA99F8300A69146 /* BaseFunctions.m in Sources */ = {isa = PBXBuildFile; fileRef = 1289C39F1EA99F8300A69146 /* BaseFunctions.m */; };
		128C257E1EBAAA950003F502 /* UIView+Badge.m in Sources */ = {isa = PBXBuildFile; fileRef = 128C257D1EBAAA950003F502 /* UIView+Badge.m */; };
		1299A2161F0DC45F004EE1A5 /* LocationAnnotationView.m in Sources */ = {isa = PBXBuildFile; fileRef = 1299A2151F0DC45F004EE1A5 /* LocationAnnotationView.m */; };
		1299A21C1F0E47C3004EE1A5 /* LocationLayout.m in Sources */ = {isa = PBXBuildFile; fileRef = 1299A21B1F0E47C3004EE1A5 /* LocationLayout.m */; };
		1299A2801F18E727004EE1A5 /* ClusterViewController.m in Sources */ = {isa = PBXBuildFile; fileRef = 1299A27F1F18E727004EE1A5 /* ClusterViewController.m */; };
		1299A2831F18F278004EE1A5 /* ClusterController.m in Sources */ = {isa = PBXBuildFile; fileRef = 1299A2821F18F278004EE1A5 /* ClusterController.m */; };
		1299A2861F19BF33004EE1A5 /* ClusterAnnotation.m in Sources */ = {isa = PBXBuildFile; fileRef = 1299A2851F19BF33004EE1A5 /* ClusterAnnotation.m */; };
		1299A2901F1B8FB7004EE1A5 /* FBAnnotationCluster.m in Sources */ = {isa = PBXBuildFile; fileRef = 1299A2881F1B8FB6004EE1A5 /* FBAnnotationCluster.m */; };
		1299A2911F1B8FB7004EE1A5 /* FBClusteringManager.m in Sources */ = {isa = PBXBuildFile; fileRef = 1299A28B1F1B8FB6004EE1A5 /* FBClusteringManager.m */; };
		1299A2921F1B8FB7004EE1A5 /* FBQuadTree.m in Sources */ = {isa = PBXBuildFile; fileRef = 1299A28D1F1B8FB6004EE1A5 /* FBQuadTree.m */; };
		1299A2931F1B8FB7004EE1A5 /* FBQuadTreeNode.m in Sources */ = {isa = PBXBuildFile; fileRef = 1299A28F1F1B8FB6004EE1A5 /* FBQuadTreeNode.m */; };
		1299A2961F1CC591004EE1A5 /* FloatingActionButton.m in Sources */ = {isa = PBXBuildFile; fileRef = 1299A2951F1CC591004EE1A5 /* FloatingActionButton.m */; };
		1299A2DE1F1CE1C8004EE1A5 /* MDCPaletteExpansions.m in Sources */ = {isa = PBXBuildFile; fileRef = 1299A2D91F1CE1C8004EE1A5 /* MDCPaletteExpansions.m */; };
		1299A2DF1F1CE1C8004EE1A5 /* MDCPaletteNames.m in Sources */ = {isa = PBXBuildFile; fileRef = 1299A2DB1F1CE1C8004EE1A5 /* MDCPaletteNames.m */; };
		1299A2E01F1CE1C8004EE1A5 /* MDCPalettes.m in Sources */ = {isa = PBXBuildFile; fileRef = 1299A2DD1F1CE1C8004EE1A5 /* MDCPalettes.m */; };
		1299A2E31F1D8B57004EE1A5 /* MDCInkLayer.m in Sources */ = {isa = PBXBuildFile; fileRef = 1299A2E21F1D8B57004EE1A5 /* MDCInkLayer.m */; };
		1299A2E71F1DDE17004EE1A5 /* WhoAreAU.storyboard in Resources */ = {isa = PBXBuildFile; fileRef = 1299A2E61F1DDE17004EE1A5 /* WhoAreAU.storyboard */; };
		12A213451EB47DBD00DF79B0 /* Balloon.m in Sources */ = {isa = PBXBuildFile; fileRef = 12A213441EB47DBD00DF79B0 /* Balloon.m */; };
		12AEF8BB1EFF370900FA90BF /* HeaderMenu.m in Sources */ = {isa = PBXBuildFile; fileRef = 12AEF8BA1EFF370800FA90BF /* HeaderMenu.m */; };
		12B7960B1EAA2C970041AE6C /* Engine.m in Sources */ = {isa = PBXBuildFile; fileRef = 12B7960A1EAA2C970041AE6C /* Engine.m */; };
		12BE6F3B1EF9328600074870 /* MainTabs.m in Sources */ = {isa = PBXBuildFile; fileRef = 12BE6F3A1EF9328600074870 /* MainTabs.m */; };
		12BE6F3E1EF9333B00074870 /* TabBar.m in Sources */ = {isa = PBXBuildFile; fileRef = 12BE6F3D1EF9333B00074870 /* TabBar.m */; };
		12C74CCD1EDD791000F6480C /* SaveField.m in Sources */ = {isa = PBXBuildFile; fileRef = 12C74CCC1EDD791000F6480C /* SaveField.m */; };
		12C74CD01EDEE16D00F6480C /* ProfilePhoto.m in Sources */ = {isa = PBXBuildFile; fileRef = 12C74CCF1EDEE16D00F6480C /* ProfilePhoto.m */; };
		12C74CD31EE024F500F6480C /* MediaPage.m in Sources */ = {isa = PBXBuildFile; fileRef = 12C74CD21EE024F500F6480C /* MediaPage.m */; };
		12C74CD91EE17C4B00F6480C /* ProfileCell.m in Sources */ = {isa = PBXBuildFile; fileRef = 12C74CD81EE17C4B00F6480C /* ProfileCell.m */; };
		12C74CDC1EE17C7500F6480C /* ProfileCell.xib in Resources */ = {isa = PBXBuildFile; fileRef = 12C74CDB1EE17C7500F6480C /* ProfileCell.xib */; };
		12C74CDF1EE1828C00F6480C /* Profile.m in Sources */ = {isa = PBXBuildFile; fileRef = 12C74CDE1EE1828C00F6480C /* Profile.m */; };
		12C74CE21EE18BD600F6480C /* UserMapCell.m in Sources */ = {isa = PBXBuildFile; fileRef = 12C74CE11EE18BD600F6480C /* UserMapCell.m */; };
		12C74CE41EE18BE500F6480C /* UserMapCell.xib in Resources */ = {isa = PBXBuildFile; fileRef = 12C74CE31EE18BE500F6480C /* UserMapCell.xib */; };
		12C74CE71EE23C5B00F6480C /* MediaPageCell.xib in Resources */ = {isa = PBXBuildFile; fileRef = 12C74CE61EE23C5B00F6480C /* MediaPageCell.xib */; };
		12C74CEA1EE23C7D00F6480C /* MediaPageCell.m in Sources */ = {isa = PBXBuildFile; fileRef = 12C74CE91EE23C7D00F6480C /* MediaPageCell.m */; };
		12C74CED1EE2533400F6480C /* PopupView.m in Sources */ = {isa = PBXBuildFile; fileRef = 12C74CEC1EE2533400F6480C /* PopupView.m */; };
		12C74CF01EE2592D00F6480C /* FollowCell.m in Sources */ = {isa = PBXBuildFile; fileRef = 12C74CEF1EE2592D00F6480C /* FollowCell.m */; };
		12C74CF21EE2593A00F6480C /* FollowCell.xib in Resources */ = {isa = PBXBuildFile; fileRef = 12C74CF11EE2593900F6480C /* FollowCell.xib */; };
		12C74CF41EE259BC00F6480C /* FollowingUserCell.xib in Resources */ = {isa = PBXBuildFile; fileRef = 12C74CF31EE259BC00F6480C /* FollowingUserCell.xib */; };
		12C74CF71EE259D300F6480C /* FollowingUserCell.m in Sources */ = {isa = PBXBuildFile; fileRef = 12C74CF61EE259D300F6480C /* FollowingUserCell.m */; };
		12C74CFA1EE43E2C00F6480C /* CompassView.m in Sources */ = {isa = PBXBuildFile; fileRef = 12C74CF91EE43E2C00F6480C /* CompassView.m */; };
		12C74CFD1EE5033100F6480C /* MapView.m in Sources */ = {isa = PBXBuildFile; fileRef = 12C74CFC1EE5033100F6480C /* MapView.m */; };
		12C74D001EE5323000F6480C /* NavCon.m in Sources */ = {isa = PBXBuildFile; fileRef = 12C74CFF1EE5323000F6480C /* NavCon.m */; };
		12C74D031EE538C900F6480C /* CommentCell.m in Sources */ = {isa = PBXBuildFile; fileRef = 12C74D021EE538C900F6480C /* CommentCell.m */; };
		12C74D051EE538D400F6480C /* CommentCell.xib in Resources */ = {isa = PBXBuildFile; fileRef = 12C74D041EE538D400F6480C /* CommentCell.xib */; };
		12C74D071EE53D1F00F6480C /* AddCommentCell.xib in Resources */ = {isa = PBXBuildFile; fileRef = 12C74D061EE53D1F00F6480C /* AddCommentCell.xib */; };
		12C74D0A1EE53D2E00F6480C /* AddCommentCell.m in Sources */ = {isa = PBXBuildFile; fileRef = 12C74D091EE53D2E00F6480C /* AddCommentCell.m */; };
		12C74D0D1EE78F0700F6480C /* UserCell.xib in Resources */ = {isa = PBXBuildFile; fileRef = 12C74D0C1EE78F0700F6480C /* UserCell.xib */; };
		12C74D101EE78F1C00F6480C /* UserCell.m in Sources */ = {isa = PBXBuildFile; fileRef = 12C74D0F1EE78F1C00F6480C /* UserCell.m */; };
		12C74D121EE79D5B00F6480C /* LoadMoreCell.xib in Resources */ = {isa = PBXBuildFile; fileRef = 12C74D111EE79D5B00F6480C /* LoadMoreCell.xib */; };
		12C74D151EE7B3E600F6480C /* BlurView.m in Sources */ = {isa = PBXBuildFile; fileRef = 12C74D141EE7B3E600F6480C /* BlurView.m */; };
		12C74D181EE7C55D00F6480C /* SelectionTab.m in Sources */ = {isa = PBXBuildFile; fileRef = 12C74D171EE7C55D00F6480C /* SelectionTab.m */; };
		12D0F2EC1EC5644E004F2E3E /* MessageCenter.m in Sources */ = {isa = PBXBuildFile; fileRef = 12D0F2EB1EC5644E004F2E3E /* MessageCenter.m */; };
		12D0F2EF1EC5F051004F2E3E /* SimulatedUsers.m in Sources */ = {isa = PBXBuildFile; fileRef = 12D0F2EE1EC5F051004F2E3E /* SimulatedUsers.m */; };
		12D0F2F21EC6BA19004F2E3E /* MaterialDesignSymbol.m in Sources */ = {isa = PBXBuildFile; fileRef = 12D0F2F11EC6BA18004F2E3E /* MaterialDesignSymbol.m */; };
		12D0F2F41EC6BFDA004F2E3E /* material-design-icons.ttf in Resources */ = {isa = PBXBuildFile; fileRef = 12D0F2F31EC6BA28004F2E3E /* material-design-icons.ttf */; };
		12D0F2FB1EC7F5E1004F2E3E /* NSData+GZIP.m in Sources */ = {isa = PBXBuildFile; fileRef = 12D0F2FA1EC7F5E1004F2E3E /* NSData+GZIP.m */; };
		12DE01611EDC09D200E8D6DC /* Login.m in Sources */ = {isa = PBXBuildFile; fileRef = 12DE01601EDC09D200E8D6DC /* Login.m */; };
		12DE01641EDC0A0B00E8D6DC /* SignupAndLogin.m in Sources */ = {isa = PBXBuildFile; fileRef = 12DE01631EDC0A0B00E8D6DC /* SignupAndLogin.m */; };
		12DE01671EDC46E800E8D6DC /* LoginOrSignup.m in Sources */ = {isa = PBXBuildFile; fileRef = 12DE01661EDC46E800E8D6DC /* LoginOrSignup.m */; };
		12F167841EF0C8270025752E /* Segment.m in Sources */ = {isa = PBXBuildFile; fileRef = 12F167831EF0C8270025752E /* Segment.m */; };
		12F167871EF1620C0025752E /* Users.m in Sources */ = {isa = PBXBuildFile; fileRef = 12F167861EF1620C0025752E /* Users.m */; };
		12F1678D1EF21C260025752E /* PageTab.m in Sources */ = {isa = PBXBuildFile; fileRef = 12F1678C1EF21C260025752E /* PageTab.m */; };
		12F167901EF223870025752E /* PageTabs.m in Sources */ = {isa = PBXBuildFile; fileRef = 12F1678F1EF223870025752E /* PageTabs.m */; };
		12F167961EF3699D0025752E /* TextField.m in Sources */ = {isa = PBXBuildFile; fileRef = 12F167951EF3699D0025752E /* TextField.m */; };
		12F96D521EB2C2E10054DA6C /* UserNotifications.framework in Frameworks */ = {isa = PBXBuildFile; fileRef = 12F96D511EB2C2E10054DA6C /* UserNotifications.framework */; };
		12F96D561EB453620054DA6C /* ChatView.m in Sources */ = {isa = PBXBuildFile; fileRef = 12F96D551EB453620054DA6C /* ChatView.m */; };
		A206A0F201B0F7145ED3C150 /* libPods-WhoAreU.a in Frameworks */ = {isa = PBXBuildFile; fileRef = D4A487C12DE9527ADBA9164D /* libPods-WhoAreU.a */; };
/* End PBXBuildFile section */

/* Begin PBXCopyFilesBuildPhase section */
		122262D31E8B7E6900F51FAE /* Embed Frameworks */ = {
			isa = PBXCopyFilesBuildPhase;
			buildActionMask = 2147483647;
			dstPath = "";
			dstSubfolderSpec = 10;
			files = (
				122262D21E8B7E6900F51FAE /* AWSS3.framework in Embed Frameworks */,
				122262D01E8B7E6900F51FAE /* AWSCore.framework in Embed Frameworks */,
			);
			name = "Embed Frameworks";
			runOnlyForDeploymentPostprocessing = 0;
		};
/* End PBXCopyFilesBuildPhase section */

/* Begin PBXFileReference section */
		12082F921E9376D700E8D051 /* ShadowLabel.h */ = {isa = PBXFileReference; fileEncoding = 4; lastKnownFileType = sourcecode.c.h; path = ShadowLabel.h; sourceTree = "<group>"; };
		12082F931E9376D700E8D051 /* ShadowLabel.m */ = {isa = PBXFileReference; fileEncoding = 4; lastKnownFileType = sourcecode.c.objc; path = ShadowLabel.m; sourceTree = "<group>"; };
		120A02401ED8602300547CDA /* PopupMenu.h */ = {isa = PBXFileReference; fileEncoding = 4; lastKnownFileType = sourcecode.c.h; path = PopupMenu.h; sourceTree = "<group>"; };
		120A02411ED8602300547CDA /* PopupMenu.m */ = {isa = PBXFileReference; fileEncoding = 4; lastKnownFileType = sourcecode.c.objc; path = PopupMenu.m; sourceTree = "<group>"; };
		120A02431ED92C5400547CDA /* DropDownNavigationItem.h */ = {isa = PBXFileReference; fileEncoding = 4; lastKnownFileType = sourcecode.c.h; path = DropDownNavigationItem.h; sourceTree = "<group>"; };
		120A02441ED92C5400547CDA /* DropDownNavigationItem.m */ = {isa = PBXFileReference; fileEncoding = 4; lastKnownFileType = sourcecode.c.objc; path = DropDownNavigationItem.m; sourceTree = "<group>"; };
		120A02461EDBDA7500547CDA /* EntryPoint.h */ = {isa = PBXFileReference; fileEncoding = 4; lastKnownFileType = sourcecode.c.h; path = EntryPoint.h; sourceTree = "<group>"; };
		120A02471EDBDA7500547CDA /* EntryPoint.m */ = {isa = PBXFileReference; fileEncoding = 4; lastKnownFileType = sourcecode.c.objc; path = EntryPoint.m; sourceTree = "<group>"; };
		12134D4E1EBC0615001EEC5E /* Chats.h */ = {isa = PBXFileReference; fileEncoding = 4; lastKnownFileType = sourcecode.c.h; path = Chats.h; sourceTree = "<group>"; };
		12134D4F1EBC0615001EEC5E /* Chats.m */ = {isa = PBXFileReference; fileEncoding = 4; lastKnownFileType = sourcecode.c.objc; path = Chats.m; sourceTree = "<group>"; };
		12144DB51E934CEA000828BF /* ListField.h */ = {isa = PBXFileReference; fileEncoding = 4; lastKnownFileType = sourcecode.c.h; path = ListField.h; sourceTree = "<group>"; };
		12144DB61E934CEA000828BF /* ListField.m */ = {isa = PBXFileReference; fileEncoding = 4; lastKnownFileType = sourcecode.c.objc; path = ListField.m; sourceTree = "<group>"; };
		1215C5A81EA6F88000BA509E /* Compass.h */ = {isa = PBXFileReference; fileEncoding = 4; lastKnownFileType = sourcecode.c.h; path = Compass.h; sourceTree = "<group>"; };
		1215C5A91EA6F88000BA509E /* Compass.m */ = {isa = PBXFileReference; fileEncoding = 4; lastKnownFileType = sourcecode.c.objc; path = Compass.m; sourceTree = "<group>"; };
		121723061ECFEEF100494A4E /* ChatRow.h */ = {isa = PBXFileReference; fileEncoding = 4; lastKnownFileType = sourcecode.c.h; path = ChatRow.h; sourceTree = "<group>"; };
		121723071ECFEEF100494A4E /* ChatRow.m */ = {isa = PBXFileReference; fileEncoding = 4; lastKnownFileType = sourcecode.c.objc; path = ChatRow.m; sourceTree = "<group>"; };
		1217547D1F01E52F00C7D64B /* MessageView.h */ = {isa = PBXFileReference; fileEncoding = 4; lastKnownFileType = sourcecode.c.h; path = MessageView.h; sourceTree = "<group>"; };
		1217547E1F01E52F00C7D64B /* MessageView.m */ = {isa = PBXFileReference; fileEncoding = 4; lastKnownFileType = sourcecode.c.objc; path = MessageView.m; sourceTree = "<group>"; };
		121754801F0484DB00C7D64B /* Card.h */ = {isa = PBXFileReference; fileEncoding = 4; lastKnownFileType = sourcecode.c.h; path = Card.h; sourceTree = "<group>"; };
		121754811F0484DB00C7D64B /* Card.m */ = {isa = PBXFileReference; fileEncoding = 4; lastKnownFileType = sourcecode.c.objc; path = Card.m; sourceTree = "<group>"; };
		121754831F048AA700C7D64B /* Card.xib */ = {isa = PBXFileReference; fileEncoding = 4; lastKnownFileType = file.xib; path = Card.xib; sourceTree = "<group>"; };
		121754851F0494A200C7D64B /* Cards.h */ = {isa = PBXFileReference; fileEncoding = 4; lastKnownFileType = sourcecode.c.h; path = Cards.h; sourceTree = "<group>"; };
		121754861F0494A200C7D64B /* Cards.m */ = {isa = PBXFileReference; fileEncoding = 4; lastKnownFileType = sourcecode.c.objc; path = Cards.m; sourceTree = "<group>"; };
		121754881F05FDF400C7D64B /* MediaPlayer.h */ = {isa = PBXFileReference; fileEncoding = 4; lastKnownFileType = sourcecode.c.h; path = MediaPlayer.h; sourceTree = "<group>"; };
		121754891F05FDF400C7D64B /* MediaPlayer.m */ = {isa = PBXFileReference; fileEncoding = 4; lastKnownFileType = sourcecode.c.objc; path = MediaPlayer.m; sourceTree = "<group>"; };
		1217548E1F07394200C7D64B /* Collection.h */ = {isa = PBXFileReference; fileEncoding = 4; lastKnownFileType = sourcecode.c.h; path = Collection.h; sourceTree = "<group>"; };
		1217548F1F07394200C7D64B /* Collection.m */ = {isa = PBXFileReference; fileEncoding = 4; lastKnownFileType = sourcecode.c.objc; path = Collection.m; sourceTree = "<group>"; };
		121754911F0C7AC800C7D64B /* LocationViewController.h */ = {isa = PBXFileReference; fileEncoding = 4; lastKnownFileType = sourcecode.c.h; path = LocationViewController.h; sourceTree = "<group>"; };
		121754921F0C7AC800C7D64B /* LocationViewController.m */ = {isa = PBXFileReference; fileEncoding = 4; lastKnownFileType = sourcecode.c.objc; path = LocationViewController.m; sourceTree = "<group>"; };
		121E15B31E95FE59009CCF51 /* MediaPicker.h */ = {isa = PBXFileReference; fileEncoding = 4; lastKnownFileType = sourcecode.c.h; path = MediaPicker.h; sourceTree = "<group>"; };
		121E15B41E95FE59009CCF51 /* MediaPicker.m */ = {isa = PBXFileReference; fileEncoding = 4; lastKnownFileType = sourcecode.c.objc; path = MediaPicker.m; sourceTree = "<group>"; };
		1221144E1F1EE3570066F6CC /* MainMenuViewController.h */ = {isa = PBXFileReference; fileEncoding = 4; lastKnownFileType = sourcecode.c.h; path = MainMenuViewController.h; sourceTree = "<group>"; };
		1221144F1F1EE3570066F6CC /* MainMenuViewController.m */ = {isa = PBXFileReference; fileEncoding = 4; lastKnownFileType = sourcecode.c.objc; path = MainMenuViewController.m; sourceTree = "<group>"; };
		122114511F1EEC200066F6CC /* TGLGuillotineMenu.h */ = {isa = PBXFileReference; fileEncoding = 4; lastKnownFileType = sourcecode.c.h; path = TGLGuillotineMenu.h; sourceTree = "<group>"; };
		122114521F1EEC200066F6CC /* TGLGuillotineMenu.m */ = {isa = PBXFileReference; fileEncoding = 4; lastKnownFileType = sourcecode.c.objc; path = TGLGuillotineMenu.m; sourceTree = "<group>"; };
		122262771E8B6E8000F51FAE /* WhoAreU.app */ = {isa = PBXFileReference; explicitFileType = wrapper.application; includeInIndex = 0; path = WhoAreU.app; sourceTree = BUILT_PRODUCTS_DIR; };
		1222627B1E8B6E8000F51FAE /* main.m */ = {isa = PBXFileReference; lastKnownFileType = sourcecode.c.objc; path = main.m; sourceTree = "<group>"; };
		1222627D1E8B6E8000F51FAE /* AppDelegate.h */ = {isa = PBXFileReference; lastKnownFileType = sourcecode.c.h; path = AppDelegate.h; sourceTree = "<group>"; };
		1222627E1E8B6E8000F51FAE /* AppDelegate.m */ = {isa = PBXFileReference; lastKnownFileType = sourcecode.c.objc; path = AppDelegate.m; sourceTree = "<group>"; };
		122262801E8B6E8000F51FAE /* ViewController.h */ = {isa = PBXFileReference; lastKnownFileType = sourcecode.c.h; path = ViewController.h; sourceTree = "<group>"; };
		122262811E8B6E8000F51FAE /* ViewController.m */ = {isa = PBXFileReference; lastKnownFileType = sourcecode.c.objc; path = ViewController.m; sourceTree = "<group>"; };
		122262841E8B6E8000F51FAE /* Base */ = {isa = PBXFileReference; lastKnownFileType = file.storyboard; name = Base; path = Base.lproj/Main.storyboard; sourceTree = "<group>"; };
		122262861E8B6E8000F51FAE /* Assets.xcassets */ = {isa = PBXFileReference; lastKnownFileType = folder.assetcatalog; path = Assets.xcassets; sourceTree = "<group>"; };
		122262891E8B6E8000F51FAE /* Base */ = {isa = PBXFileReference; lastKnownFileType = file.storyboard; name = Base; path = Base.lproj/LaunchScreen.storyboard; sourceTree = "<group>"; };
		1222628B1E8B6E8000F51FAE /* Info.plist */ = {isa = PBXFileReference; lastKnownFileType = text.plist.xml; path = Info.plist; sourceTree = "<group>"; };
		1222629F1E8B6EA600F51FAE /* Bolts.framework */ = {isa = PBXFileReference; lastKnownFileType = wrapper.framework; path = Bolts.framework; sourceTree = "<group>"; };
		122262A01E8B6EA600F51FAE /* Parse.framework */ = {isa = PBXFileReference; lastKnownFileType = wrapper.framework; path = Parse.framework; sourceTree = "<group>"; };
		122262A11E8B6EA600F51FAE /* ParseUI.framework */ = {isa = PBXFileReference; lastKnownFileType = wrapper.framework; path = ParseUI.framework; sourceTree = "<group>"; };
		122262B21E8B76EC00F51FAE /* WhoAreU.pch */ = {isa = PBXFileReference; lastKnownFileType = sourcecode.c.h; path = WhoAreU.pch; sourceTree = "<group>"; };
		122262B31E8B79B900F51FAE /* AudioToolbox.framework */ = {isa = PBXFileReference; lastKnownFileType = wrapper.framework; name = AudioToolbox.framework; path = System/Library/Frameworks/AudioToolbox.framework; sourceTree = SDKROOT; };
		122262B41E8B79B900F51FAE /* CFNetwork.framework */ = {isa = PBXFileReference; lastKnownFileType = wrapper.framework; name = CFNetwork.framework; path = System/Library/Frameworks/CFNetwork.framework; sourceTree = SDKROOT; };
		122262B51E8B79B900F51FAE /* CoreGraphics.framework */ = {isa = PBXFileReference; lastKnownFileType = wrapper.framework; name = CoreGraphics.framework; path = System/Library/Frameworks/CoreGraphics.framework; sourceTree = SDKROOT; };
		122262B61E8B79B900F51FAE /* CoreLocation.framework */ = {isa = PBXFileReference; lastKnownFileType = wrapper.framework; name = CoreLocation.framework; path = System/Library/Frameworks/CoreLocation.framework; sourceTree = SDKROOT; };
		122262B71E8B79B900F51FAE /* libsqlite3.0.tbd */ = {isa = PBXFileReference; lastKnownFileType = "sourcecode.text-based-dylib-definition"; name = libsqlite3.0.tbd; path = usr/lib/libsqlite3.0.tbd; sourceTree = SDKROOT; };
		122262B81E8B79B900F51FAE /* libz.tbd */ = {isa = PBXFileReference; lastKnownFileType = "sourcecode.text-based-dylib-definition"; name = libz.tbd; path = usr/lib/libz.tbd; sourceTree = SDKROOT; };
		122262B91E8B79B900F51FAE /* MapKit.framework */ = {isa = PBXFileReference; lastKnownFileType = wrapper.framework; name = MapKit.framework; path = System/Library/Frameworks/MapKit.framework; sourceTree = SDKROOT; };
		122262BA1E8B79B900F51FAE /* QuartzCore.framework */ = {isa = PBXFileReference; lastKnownFileType = wrapper.framework; name = QuartzCore.framework; path = System/Library/Frameworks/QuartzCore.framework; sourceTree = SDKROOT; };
		122262BB1E8B79B900F51FAE /* Security.framework */ = {isa = PBXFileReference; lastKnownFileType = wrapper.framework; name = Security.framework; path = System/Library/Frameworks/Security.framework; sourceTree = SDKROOT; };
		122262BC1E8B79B900F51FAE /* StoreKit.framework */ = {isa = PBXFileReference; lastKnownFileType = wrapper.framework; name = StoreKit.framework; path = System/Library/Frameworks/StoreKit.framework; sourceTree = SDKROOT; };
		122262BD1E8B79B900F51FAE /* SystemConfiguration.framework */ = {isa = PBXFileReference; lastKnownFileType = wrapper.framework; name = SystemConfiguration.framework; path = System/Library/Frameworks/SystemConfiguration.framework; sourceTree = SDKROOT; };
		122262CD1E8B7E6900F51FAE /* AWSCore.framework */ = {isa = PBXFileReference; lastKnownFileType = wrapper.framework; path = AWSCore.framework; sourceTree = "<group>"; };
		122262CE1E8B7E6900F51FAE /* AWSS3.framework */ = {isa = PBXFileReference; lastKnownFileType = wrapper.framework; path = AWSS3.framework; sourceTree = "<group>"; };
		122262D51E8B81FC00F51FAE /* S3File.h */ = {isa = PBXFileReference; fileEncoding = 4; lastKnownFileType = sourcecode.c.h; path = S3File.h; sourceTree = "<group>"; };
		122262D61E8B81FC00F51FAE /* S3File.m */ = {isa = PBXFileReference; fileEncoding = 4; lastKnownFileType = sourcecode.c.objc; path = S3File.m; sourceTree = "<group>"; };
		122262D81E8B822B00F51FAE /* ObjectIdStore.h */ = {isa = PBXFileReference; fileEncoding = 4; lastKnownFileType = sourcecode.c.h; path = ObjectIdStore.h; sourceTree = "<group>"; };
		122262D91E8B822B00F51FAE /* ObjectIdStore.m */ = {isa = PBXFileReference; fileEncoding = 4; lastKnownFileType = sourcecode.c.objc; path = ObjectIdStore.m; sourceTree = "<group>"; };
		1225F0181EB02B1E002763A0 /* ModalAnimator.h */ = {isa = PBXFileReference; fileEncoding = 4; lastKnownFileType = sourcecode.c.h; path = ModalAnimator.h; sourceTree = "<group>"; };
		1225F0191EB02B1E002763A0 /* ModalAnimator.m */ = {isa = PBXFileReference; fileEncoding = 4; lastKnownFileType = sourcecode.c.objc; path = ModalAnimator.m; sourceTree = "<group>"; };
		1225F01A1EB02B1E002763A0 /* ModalViewController.h */ = {isa = PBXFileReference; fileEncoding = 4; lastKnownFileType = sourcecode.c.h; path = ModalViewController.h; sourceTree = "<group>"; };
		1225F01B1EB02B1E002763A0 /* ModalViewController.m */ = {isa = PBXFileReference; fileEncoding = 4; lastKnownFileType = sourcecode.c.objc; path = ModalViewController.m; sourceTree = "<group>"; };
		1225F01E1EB07491002763A0 /* Credits.h */ = {isa = PBXFileReference; fileEncoding = 4; lastKnownFileType = sourcecode.c.h; path = Credits.h; sourceTree = "<group>"; };
		1225F01F1EB07491002763A0 /* Credits.m */ = {isa = PBXFileReference; fileEncoding = 4; lastKnownFileType = sourcecode.c.objc; path = Credits.m; sourceTree = "<group>"; };
		122DFAB41EDCF5A700581C6B /* Setting.h */ = {isa = PBXFileReference; fileEncoding = 4; lastKnownFileType = sourcecode.c.h; path = Setting.h; sourceTree = "<group>"; };
		122DFAB51EDCF5A700581C6B /* Setting.m */ = {isa = PBXFileReference; fileEncoding = 4; lastKnownFileType = sourcecode.c.objc; path = Setting.m; sourceTree = "<group>"; };
		12322CB01EFB665E00A0BBDD /* SubProfile.h */ = {isa = PBXFileReference; fileEncoding = 4; lastKnownFileType = sourcecode.c.h; path = SubProfile.h; sourceTree = "<group>"; };
		12322CB11EFB665E00A0BBDD /* SubProfile.m */ = {isa = PBXFileReference; fileEncoding = 4; lastKnownFileType = sourcecode.c.objc; path = SubProfile.m; sourceTree = "<group>"; };
		1233F2261ECC5D9F00154CE6 /* WebSocket.h */ = {isa = PBXFileReference; fileEncoding = 4; lastKnownFileType = sourcecode.c.h; path = WebSocket.h; sourceTree = "<group>"; };
		1233F2271ECC5D9F00154CE6 /* WebSocket.m */ = {isa = PBXFileReference; fileEncoding = 4; lastKnownFileType = sourcecode.c.objc; path = WebSocket.m; sourceTree = "<group>"; };
		123AF15A1EA07DF300ED0547 /* Preview.h */ = {isa = PBXFileReference; fileEncoding = 4; lastKnownFileType = sourcecode.c.h; path = Preview.h; sourceTree = "<group>"; };
		123AF15B1EA07DF300ED0547 /* Preview.m */ = {isa = PBXFileReference; fileEncoding = 4; lastKnownFileType = sourcecode.c.objc; path = Preview.m; sourceTree = "<group>"; };
		123AF15D1EA1AF7500ED0547 /* Chat.h */ = {isa = PBXFileReference; fileEncoding = 4; lastKnownFileType = sourcecode.c.h; path = Chat.h; sourceTree = "<group>"; };
		123AF15E1EA1AF7500ED0547 /* Chat.m */ = {isa = PBXFileReference; fileEncoding = 4; lastKnownFileType = sourcecode.c.objc; path = Chat.m; sourceTree = "<group>"; };
		124587431EBD61CF00746AAF /* Refresh.h */ = {isa = PBXFileReference; fileEncoding = 4; lastKnownFileType = sourcecode.c.h; path = Refresh.h; sourceTree = "<group>"; };
		124587441EBD61CF00746AAF /* Refresh.m */ = {isa = PBXFileReference; fileEncoding = 4; lastKnownFileType = sourcecode.c.objc; path = Refresh.m; sourceTree = "<group>"; };
		124587461EBD92F400746AAF /* BalloonLabel.h */ = {isa = PBXFileReference; fileEncoding = 4; lastKnownFileType = sourcecode.c.h; path = BalloonLabel.h; sourceTree = "<group>"; };
		124587471EBD92F400746AAF /* BalloonLabel.m */ = {isa = PBXFileReference; fileEncoding = 4; lastKnownFileType = sourcecode.c.objc; path = BalloonLabel.m; sourceTree = "<group>"; };
		1245874C1EBF40BD00746AAF /* NSDateTimeAgo.bundle */ = {isa = PBXFileReference; lastKnownFileType = "wrapper.plug-in"; path = NSDateTimeAgo.bundle; sourceTree = "<group>"; };
		1245874D1EBF40BD00746AAF /* NSDate+TimeAgo.h */ = {isa = PBXFileReference; fileEncoding = 4; lastKnownFileType = sourcecode.c.h; path = "NSDate+TimeAgo.h"; sourceTree = "<group>"; };
		1245874E1EBF40BD00746AAF /* NSDate+TimeAgo.m */ = {isa = PBXFileReference; fileEncoding = 4; lastKnownFileType = sourcecode.c.objc; path = "NSDate+TimeAgo.m"; sourceTree = "<group>"; };
		124587511EC0248700746AAF /* Channels.h */ = {isa = PBXFileReference; fileEncoding = 4; lastKnownFileType = sourcecode.c.h; path = Channels.h; sourceTree = "<group>"; };
		124587521EC0248700746AAF /* Channels.m */ = {isa = PBXFileReference; fileEncoding = 4; lastKnownFileType = sourcecode.c.objc; path = Channels.m; sourceTree = "<group>"; };
		124587541EC3F2B100746AAF /* MediaView.h */ = {isa = PBXFileReference; fileEncoding = 4; lastKnownFileType = sourcecode.c.h; path = MediaView.h; sourceTree = "<group>"; };
		124587551EC3F2B100746AAF /* MediaView.m */ = {isa = PBXFileReference; fileEncoding = 4; lastKnownFileType = sourcecode.c.objc; path = MediaView.m; sourceTree = "<group>"; };
		124587571EC3F3E100746AAF /* CenterScrollView.h */ = {isa = PBXFileReference; fileEncoding = 4; lastKnownFileType = sourcecode.c.h; path = CenterScrollView.h; sourceTree = "<group>"; };
		124587581EC3F3E100746AAF /* CenterScrollView.m */ = {isa = PBXFileReference; fileEncoding = 4; lastKnownFileType = sourcecode.c.objc; path = CenterScrollView.m; sourceTree = "<group>"; };
		1249DD491EAC46CA00E9E39F /* MediaCollection.h */ = {isa = PBXFileReference; fileEncoding = 4; lastKnownFileType = sourcecode.c.h; path = MediaCollection.h; sourceTree = "<group>"; };
		1249DD4A1EAC46CA00E9E39F /* MediaCollection.m */ = {isa = PBXFileReference; fileEncoding = 4; lastKnownFileType = sourcecode.c.objc; path = MediaCollection.m; sourceTree = "<group>"; };
		125690A81EF6AB3000723771 /* ProfileMain.h */ = {isa = PBXFileReference; fileEncoding = 4; lastKnownFileType = sourcecode.c.h; path = ProfileMain.h; sourceTree = "<group>"; };
		125690A91EF6AB3000723771 /* ProfileMain.m */ = {isa = PBXFileReference; fileEncoding = 4; lastKnownFileType = sourcecode.c.objc; path = ProfileMain.m; sourceTree = "<group>"; };
		126154071E8CBBEC00F2AD4F /* User.h */ = {isa = PBXFileReference; fileEncoding = 4; lastKnownFileType = sourcecode.c.h; path = User.h; sourceTree = "<group>"; };
		126154081E8CBBEC00F2AD4F /* User.m */ = {isa = PBXFileReference; fileEncoding = 4; lastKnownFileType = sourcecode.c.objc; path = User.m; sourceTree = "<group>"; };
		126154121E8CCC7900F2AD4F /* PhotoView.h */ = {isa = PBXFileReference; fileEncoding = 4; lastKnownFileType = sourcecode.c.h; path = PhotoView.h; sourceTree = "<group>"; };
		126154131E8CCC7900F2AD4F /* PhotoView.m */ = {isa = PBXFileReference; fileEncoding = 4; lastKnownFileType = sourcecode.c.objc; path = PhotoView.m; sourceTree = "<group>"; };
		12843FF71EECC72C00AF0BDE /* Photo.h */ = {isa = PBXFileReference; fileEncoding = 4; lastKnownFileType = sourcecode.c.h; path = Photo.h; sourceTree = "<group>"; };
		12843FF81EECC72C00AF0BDE /* Photo.m */ = {isa = PBXFileReference; fileEncoding = 4; lastKnownFileType = sourcecode.c.objc; path = Photo.m; sourceTree = "<group>"; };
		1289C39C1EA7956000A69146 /* IndentedLabel.h */ = {isa = PBXFileReference; fileEncoding = 4; lastKnownFileType = sourcecode.c.h; path = IndentedLabel.h; sourceTree = "<group>"; };
		1289C39D1EA7956000A69146 /* IndentedLabel.m */ = {isa = PBXFileReference; fileEncoding = 4; lastKnownFileType = sourcecode.c.objc; path = IndentedLabel.m; sourceTree = "<group>"; };
		1289C39F1EA99F8300A69146 /* BaseFunctions.m */ = {isa = PBXFileReference; fileEncoding = 4; lastKnownFileType = sourcecode.c.objc; path = BaseFunctions.m; sourceTree = "<group>"; };
		1289C3A11EA99F9500A69146 /* BaseFunctions.h */ = {isa = PBXFileReference; lastKnownFileType = sourcecode.c.h; path = BaseFunctions.h; sourceTree = "<group>"; };
		128C257C1EBAAA950003F502 /* UIView+Badge.h */ = {isa = PBXFileReference; fileEncoding = 4; lastKnownFileType = sourcecode.c.h; path = "UIView+Badge.h"; sourceTree = "<group>"; };
		128C257D1EBAAA950003F502 /* UIView+Badge.m */ = {isa = PBXFileReference; fileEncoding = 4; lastKnownFileType = sourcecode.c.objc; path = "UIView+Badge.m"; sourceTree = "<group>"; };
		1299A2141F0DC45F004EE1A5 /* LocationAnnotationView.h */ = {isa = PBXFileReference; fileEncoding = 4; lastKnownFileType = sourcecode.c.h; path = LocationAnnotationView.h; sourceTree = "<group>"; };
		1299A2151F0DC45F004EE1A5 /* LocationAnnotationView.m */ = {isa = PBXFileReference; fileEncoding = 4; lastKnownFileType = sourcecode.c.objc; path = LocationAnnotationView.m; sourceTree = "<group>"; };
		1299A21A1F0E47C3004EE1A5 /* LocationLayout.h */ = {isa = PBXFileReference; fileEncoding = 4; lastKnownFileType = sourcecode.c.h; path = LocationLayout.h; sourceTree = "<group>"; };
		1299A21B1F0E47C3004EE1A5 /* LocationLayout.m */ = {isa = PBXFileReference; fileEncoding = 4; lastKnownFileType = sourcecode.c.objc; path = LocationLayout.m; sourceTree = "<group>"; };
		1299A27E1F18E727004EE1A5 /* ClusterViewController.h */ = {isa = PBXFileReference; fileEncoding = 4; lastKnownFileType = sourcecode.c.h; path = ClusterViewController.h; sourceTree = "<group>"; };
		1299A27F1F18E727004EE1A5 /* ClusterViewController.m */ = {isa = PBXFileReference; fileEncoding = 4; lastKnownFileType = sourcecode.c.objc; path = ClusterViewController.m; sourceTree = "<group>"; };
		1299A2811F18F278004EE1A5 /* ClusterController.h */ = {isa = PBXFileReference; fileEncoding = 4; lastKnownFileType = sourcecode.c.h; path = ClusterController.h; sourceTree = "<group>"; };
		1299A2821F18F278004EE1A5 /* ClusterController.m */ = {isa = PBXFileReference; fileEncoding = 4; lastKnownFileType = sourcecode.c.objc; path = ClusterController.m; sourceTree = "<group>"; };
		1299A2841F19BF33004EE1A5 /* ClusterAnnotation.h */ = {isa = PBXFileReference; fileEncoding = 4; lastKnownFileType = sourcecode.c.h; path = ClusterAnnotation.h; sourceTree = "<group>"; };
		1299A2851F19BF33004EE1A5 /* ClusterAnnotation.m */ = {isa = PBXFileReference; fileEncoding = 4; lastKnownFileType = sourcecode.c.objc; path = ClusterAnnotation.m; sourceTree = "<group>"; };
		1299A2871F1B8FB6004EE1A5 /* FBAnnotationCluster.h */ = {isa = PBXFileReference; fileEncoding = 4; lastKnownFileType = sourcecode.c.h; path = FBAnnotationCluster.h; sourceTree = "<group>"; };
		1299A2881F1B8FB6004EE1A5 /* FBAnnotationCluster.m */ = {isa = PBXFileReference; fileEncoding = 4; lastKnownFileType = sourcecode.c.objc; path = FBAnnotationCluster.m; sourceTree = "<group>"; };
		1299A2891F1B8FB6004EE1A5 /* FBAnnotationClustering.h */ = {isa = PBXFileReference; fileEncoding = 4; lastKnownFileType = sourcecode.c.h; path = FBAnnotationClustering.h; sourceTree = "<group>"; };
		1299A28A1F1B8FB6004EE1A5 /* FBClusteringManager.h */ = {isa = PBXFileReference; fileEncoding = 4; lastKnownFileType = sourcecode.c.h; path = FBClusteringManager.h; sourceTree = "<group>"; };
		1299A28B1F1B8FB6004EE1A5 /* FBClusteringManager.m */ = {isa = PBXFileReference; fileEncoding = 4; lastKnownFileType = sourcecode.c.objc; path = FBClusteringManager.m; sourceTree = "<group>"; };
		1299A28C1F1B8FB6004EE1A5 /* FBQuadTree.h */ = {isa = PBXFileReference; fileEncoding = 4; lastKnownFileType = sourcecode.c.h; path = FBQuadTree.h; sourceTree = "<group>"; };
		1299A28D1F1B8FB6004EE1A5 /* FBQuadTree.m */ = {isa = PBXFileReference; fileEncoding = 4; lastKnownFileType = sourcecode.c.objc; path = FBQuadTree.m; sourceTree = "<group>"; };
		1299A28E1F1B8FB6004EE1A5 /* FBQuadTreeNode.h */ = {isa = PBXFileReference; fileEncoding = 4; lastKnownFileType = sourcecode.c.h; path = FBQuadTreeNode.h; sourceTree = "<group>"; };
		1299A28F1F1B8FB6004EE1A5 /* FBQuadTreeNode.m */ = {isa = PBXFileReference; fileEncoding = 4; lastKnownFileType = sourcecode.c.objc; path = FBQuadTreeNode.m; sourceTree = "<group>"; };
		1299A2941F1CC591004EE1A5 /* FloatingActionButton.h */ = {isa = PBXFileReference; fileEncoding = 4; lastKnownFileType = sourcecode.c.h; path = FloatingActionButton.h; sourceTree = "<group>"; };
		1299A2951F1CC591004EE1A5 /* FloatingActionButton.m */ = {isa = PBXFileReference; fileEncoding = 4; lastKnownFileType = sourcecode.c.objc; path = FloatingActionButton.m; sourceTree = "<group>"; };
		1299A2D71F1CE1C8004EE1A5 /* MaterialPalettes.h */ = {isa = PBXFileReference; fileEncoding = 4; lastKnownFileType = sourcecode.c.h; path = MaterialPalettes.h; sourceTree = "<group>"; };
		1299A2D81F1CE1C8004EE1A5 /* MDCPaletteExpansions.h */ = {isa = PBXFileReference; fileEncoding = 4; lastKnownFileType = sourcecode.c.h; path = MDCPaletteExpansions.h; sourceTree = "<group>"; };
		1299A2D91F1CE1C8004EE1A5 /* MDCPaletteExpansions.m */ = {isa = PBXFileReference; fileEncoding = 4; lastKnownFileType = sourcecode.c.objc; path = MDCPaletteExpansions.m; sourceTree = "<group>"; };
		1299A2DA1F1CE1C8004EE1A5 /* MDCPaletteNames.h */ = {isa = PBXFileReference; fileEncoding = 4; lastKnownFileType = sourcecode.c.h; path = MDCPaletteNames.h; sourceTree = "<group>"; };
		1299A2DB1F1CE1C8004EE1A5 /* MDCPaletteNames.m */ = {isa = PBXFileReference; fileEncoding = 4; lastKnownFileType = sourcecode.c.objc; path = MDCPaletteNames.m; sourceTree = "<group>"; };
		1299A2DC1F1CE1C8004EE1A5 /* MDCPalettes.h */ = {isa = PBXFileReference; fileEncoding = 4; lastKnownFileType = sourcecode.c.h; path = MDCPalettes.h; sourceTree = "<group>"; };
		1299A2DD1F1CE1C8004EE1A5 /* MDCPalettes.m */ = {isa = PBXFileReference; fileEncoding = 4; lastKnownFileType = sourcecode.c.objc; path = MDCPalettes.m; sourceTree = "<group>"; };
		1299A2E11F1D8B57004EE1A5 /* MDCInkLayer.h */ = {isa = PBXFileReference; fileEncoding = 4; lastKnownFileType = sourcecode.c.h; path = MDCInkLayer.h; sourceTree = "<group>"; };
		1299A2E21F1D8B57004EE1A5 /* MDCInkLayer.m */ = {isa = PBXFileReference; fileEncoding = 4; lastKnownFileType = sourcecode.c.objc; path = MDCInkLayer.m; sourceTree = "<group>"; };
		1299A2E61F1DDE17004EE1A5 /* WhoAreAU.storyboard */ = {isa = PBXFileReference; fileEncoding = 4; lastKnownFileType = file.storyboard; path = WhoAreAU.storyboard; sourceTree = "<group>"; };
		12A213431EB47DBD00DF79B0 /* Balloon.h */ = {isa = PBXFileReference; fileEncoding = 4; lastKnownFileType = sourcecode.c.h; path = Balloon.h; sourceTree = "<group>"; };
		12A213441EB47DBD00DF79B0 /* Balloon.m */ = {isa = PBXFileReference; fileEncoding = 4; lastKnownFileType = sourcecode.c.objc; path = Balloon.m; sourceTree = "<group>"; };
		12AEF8B91EFF370800FA90BF /* HeaderMenu.h */ = {isa = PBXFileReference; fileEncoding = 4; lastKnownFileType = sourcecode.c.h; path = HeaderMenu.h; sourceTree = "<group>"; };
		12AEF8BA1EFF370800FA90BF /* HeaderMenu.m */ = {isa = PBXFileReference; fileEncoding = 4; lastKnownFileType = sourcecode.c.objc; path = HeaderMenu.m; sourceTree = "<group>"; };
		12B796091EAA2C970041AE6C /* Engine.h */ = {isa = PBXFileReference; fileEncoding = 4; lastKnownFileType = sourcecode.c.h; path = Engine.h; sourceTree = "<group>"; };
		12B7960A1EAA2C970041AE6C /* Engine.m */ = {isa = PBXFileReference; fileEncoding = 4; lastKnownFileType = sourcecode.c.objc; path = Engine.m; sourceTree = "<group>"; };
		12BE6F391EF9328600074870 /* MainTabs.h */ = {isa = PBXFileReference; fileEncoding = 4; lastKnownFileType = sourcecode.c.h; path = MainTabs.h; sourceTree = "<group>"; };
		12BE6F3A1EF9328600074870 /* MainTabs.m */ = {isa = PBXFileReference; fileEncoding = 4; lastKnownFileType = sourcecode.c.objc; path = MainTabs.m; sourceTree = "<group>"; };
		12BE6F3C1EF9333B00074870 /* TabBar.h */ = {isa = PBXFileReference; fileEncoding = 4; lastKnownFileType = sourcecode.c.h; path = TabBar.h; sourceTree = "<group>"; };
		12BE6F3D1EF9333B00074870 /* TabBar.m */ = {isa = PBXFileReference; fileEncoding = 4; lastKnownFileType = sourcecode.c.objc; path = TabBar.m; sourceTree = "<group>"; };
		12C74CCB1EDD791000F6480C /* SaveField.h */ = {isa = PBXFileReference; fileEncoding = 4; lastKnownFileType = sourcecode.c.h; path = SaveField.h; sourceTree = "<group>"; };
		12C74CCC1EDD791000F6480C /* SaveField.m */ = {isa = PBXFileReference; fileEncoding = 4; lastKnownFileType = sourcecode.c.objc; path = SaveField.m; sourceTree = "<group>"; };
		12C74CCE1EDEE16D00F6480C /* ProfilePhoto.h */ = {isa = PBXFileReference; fileEncoding = 4; lastKnownFileType = sourcecode.c.h; path = ProfilePhoto.h; sourceTree = "<group>"; };
		12C74CCF1EDEE16D00F6480C /* ProfilePhoto.m */ = {isa = PBXFileReference; fileEncoding = 4; lastKnownFileType = sourcecode.c.objc; path = ProfilePhoto.m; sourceTree = "<group>"; };
		12C74CD11EE024F500F6480C /* MediaPage.h */ = {isa = PBXFileReference; fileEncoding = 4; lastKnownFileType = sourcecode.c.h; path = MediaPage.h; sourceTree = "<group>"; };
		12C74CD21EE024F500F6480C /* MediaPage.m */ = {isa = PBXFileReference; fileEncoding = 4; lastKnownFileType = sourcecode.c.objc; path = MediaPage.m; sourceTree = "<group>"; };
		12C74CD41EE1793500F6480C /* Profile.h */ = {isa = PBXFileReference; fileEncoding = 4; lastKnownFileType = sourcecode.c.h; path = Profile.h; sourceTree = "<group>"; };
		12C74CD51EE1793500F6480C /* Profile.m */ = {isa = PBXFileReference; fileEncoding = 4; lastKnownFileType = sourcecode.c.objc; path = Profile.m; sourceTree = "<group>"; };
		12C74CD71EE17C4B00F6480C /* ProfileCell.h */ = {isa = PBXFileReference; fileEncoding = 4; lastKnownFileType = sourcecode.c.h; path = ProfileCell.h; sourceTree = "<group>"; };
		12C74CD81EE17C4B00F6480C /* ProfileCell.m */ = {isa = PBXFileReference; fileEncoding = 4; lastKnownFileType = sourcecode.c.objc; path = ProfileCell.m; sourceTree = "<group>"; };
		12C74CDB1EE17C7500F6480C /* ProfileCell.xib */ = {isa = PBXFileReference; fileEncoding = 4; lastKnownFileType = file.xib; path = ProfileCell.xib; sourceTree = "<group>"; };
		12C74CDD1EE1828C00F6480C /* Profile.h */ = {isa = PBXFileReference; fileEncoding = 4; lastKnownFileType = sourcecode.c.h; path = Profile.h; sourceTree = "<group>"; };
		12C74CDE1EE1828C00F6480C /* Profile.m */ = {isa = PBXFileReference; fileEncoding = 4; lastKnownFileType = sourcecode.c.objc; path = Profile.m; sourceTree = "<group>"; };
		12C74CE01EE18BD600F6480C /* UserMapCell.h */ = {isa = PBXFileReference; fileEncoding = 4; lastKnownFileType = sourcecode.c.h; path = UserMapCell.h; sourceTree = "<group>"; };
		12C74CE11EE18BD600F6480C /* UserMapCell.m */ = {isa = PBXFileReference; fileEncoding = 4; lastKnownFileType = sourcecode.c.objc; path = UserMapCell.m; sourceTree = "<group>"; };
		12C74CE31EE18BE500F6480C /* UserMapCell.xib */ = {isa = PBXFileReference; fileEncoding = 4; lastKnownFileType = file.xib; path = UserMapCell.xib; sourceTree = "<group>"; };
		12C74CE61EE23C5B00F6480C /* MediaPageCell.xib */ = {isa = PBXFileReference; fileEncoding = 4; lastKnownFileType = file.xib; path = MediaPageCell.xib; sourceTree = "<group>"; };
		12C74CE81EE23C7C00F6480C /* MediaPageCell.h */ = {isa = PBXFileReference; fileEncoding = 4; lastKnownFileType = sourcecode.c.h; path = MediaPageCell.h; sourceTree = "<group>"; };
		12C74CE91EE23C7D00F6480C /* MediaPageCell.m */ = {isa = PBXFileReference; fileEncoding = 4; lastKnownFileType = sourcecode.c.objc; path = MediaPageCell.m; sourceTree = "<group>"; };
		12C74CEB1EE2533400F6480C /* PopupView.h */ = {isa = PBXFileReference; fileEncoding = 4; lastKnownFileType = sourcecode.c.h; path = PopupView.h; sourceTree = "<group>"; };
		12C74CEC1EE2533400F6480C /* PopupView.m */ = {isa = PBXFileReference; fileEncoding = 4; lastKnownFileType = sourcecode.c.objc; path = PopupView.m; sourceTree = "<group>"; };
		12C74CEE1EE2592D00F6480C /* FollowCell.h */ = {isa = PBXFileReference; fileEncoding = 4; lastKnownFileType = sourcecode.c.h; path = FollowCell.h; sourceTree = "<group>"; };
		12C74CEF1EE2592D00F6480C /* FollowCell.m */ = {isa = PBXFileReference; fileEncoding = 4; lastKnownFileType = sourcecode.c.objc; path = FollowCell.m; sourceTree = "<group>"; };
		12C74CF11EE2593900F6480C /* FollowCell.xib */ = {isa = PBXFileReference; fileEncoding = 4; lastKnownFileType = file.xib; path = FollowCell.xib; sourceTree = "<group>"; };
		12C74CF31EE259BC00F6480C /* FollowingUserCell.xib */ = {isa = PBXFileReference; fileEncoding = 4; lastKnownFileType = file.xib; path = FollowingUserCell.xib; sourceTree = "<group>"; };
		12C74CF51EE259D300F6480C /* FollowingUserCell.h */ = {isa = PBXFileReference; fileEncoding = 4; lastKnownFileType = sourcecode.c.h; path = FollowingUserCell.h; sourceTree = "<group>"; };
		12C74CF61EE259D300F6480C /* FollowingUserCell.m */ = {isa = PBXFileReference; fileEncoding = 4; lastKnownFileType = sourcecode.c.objc; path = FollowingUserCell.m; sourceTree = "<group>"; };
		12C74CF81EE43E2C00F6480C /* CompassView.h */ = {isa = PBXFileReference; fileEncoding = 4; lastKnownFileType = sourcecode.c.h; path = CompassView.h; sourceTree = "<group>"; };
		12C74CF91EE43E2C00F6480C /* CompassView.m */ = {isa = PBXFileReference; fileEncoding = 4; lastKnownFileType = sourcecode.c.objc; path = CompassView.m; sourceTree = "<group>"; };
		12C74CFB1EE5033100F6480C /* MapView.h */ = {isa = PBXFileReference; fileEncoding = 4; lastKnownFileType = sourcecode.c.h; path = MapView.h; sourceTree = "<group>"; };
		12C74CFC1EE5033100F6480C /* MapView.m */ = {isa = PBXFileReference; fileEncoding = 4; lastKnownFileType = sourcecode.c.objc; path = MapView.m; sourceTree = "<group>"; };
		12C74CFE1EE5323000F6480C /* NavCon.h */ = {isa = PBXFileReference; fileEncoding = 4; lastKnownFileType = sourcecode.c.h; path = NavCon.h; sourceTree = "<group>"; };
		12C74CFF1EE5323000F6480C /* NavCon.m */ = {isa = PBXFileReference; fileEncoding = 4; lastKnownFileType = sourcecode.c.objc; path = NavCon.m; sourceTree = "<group>"; };
		12C74D011EE538C900F6480C /* CommentCell.h */ = {isa = PBXFileReference; fileEncoding = 4; lastKnownFileType = sourcecode.c.h; path = CommentCell.h; sourceTree = "<group>"; };
		12C74D021EE538C900F6480C /* CommentCell.m */ = {isa = PBXFileReference; fileEncoding = 4; lastKnownFileType = sourcecode.c.objc; path = CommentCell.m; sourceTree = "<group>"; };
		12C74D041EE538D400F6480C /* CommentCell.xib */ = {isa = PBXFileReference; fileEncoding = 4; lastKnownFileType = file.xib; path = CommentCell.xib; sourceTree = "<group>"; };
		12C74D061EE53D1F00F6480C /* AddCommentCell.xib */ = {isa = PBXFileReference; fileEncoding = 4; lastKnownFileType = file.xib; path = AddCommentCell.xib; sourceTree = "<group>"; };
		12C74D081EE53D2E00F6480C /* AddCommentCell.h */ = {isa = PBXFileReference; fileEncoding = 4; lastKnownFileType = sourcecode.c.h; path = AddCommentCell.h; sourceTree = "<group>"; };
		12C74D091EE53D2E00F6480C /* AddCommentCell.m */ = {isa = PBXFileReference; fileEncoding = 4; lastKnownFileType = sourcecode.c.objc; path = AddCommentCell.m; sourceTree = "<group>"; };
		12C74D0C1EE78F0700F6480C /* UserCell.xib */ = {isa = PBXFileReference; fileEncoding = 4; lastKnownFileType = file.xib; path = UserCell.xib; sourceTree = "<group>"; };
		12C74D0E1EE78F1C00F6480C /* UserCell.h */ = {isa = PBXFileReference; fileEncoding = 4; lastKnownFileType = sourcecode.c.h; path = UserCell.h; sourceTree = "<group>"; };
		12C74D0F1EE78F1C00F6480C /* UserCell.m */ = {isa = PBXFileReference; fileEncoding = 4; lastKnownFileType = sourcecode.c.objc; path = UserCell.m; sourceTree = "<group>"; };
		12C74D111EE79D5B00F6480C /* LoadMoreCell.xib */ = {isa = PBXFileReference; fileEncoding = 4; lastKnownFileType = file.xib; path = LoadMoreCell.xib; sourceTree = "<group>"; };
		12C74D131EE7B3E500F6480C /* BlurView.h */ = {isa = PBXFileReference; fileEncoding = 4; lastKnownFileType = sourcecode.c.h; path = BlurView.h; sourceTree = "<group>"; };
		12C74D141EE7B3E600F6480C /* BlurView.m */ = {isa = PBXFileReference; fileEncoding = 4; lastKnownFileType = sourcecode.c.objc; path = BlurView.m; sourceTree = "<group>"; };
		12C74D161EE7C55D00F6480C /* SelectionTab.h */ = {isa = PBXFileReference; fileEncoding = 4; lastKnownFileType = sourcecode.c.h; path = SelectionTab.h; sourceTree = "<group>"; };
		12C74D171EE7C55D00F6480C /* SelectionTab.m */ = {isa = PBXFileReference; fileEncoding = 4; lastKnownFileType = sourcecode.c.objc; path = SelectionTab.m; sourceTree = "<group>"; };
		12D0F2EA1EC5644E004F2E3E /* MessageCenter.h */ = {isa = PBXFileReference; fileEncoding = 4; lastKnownFileType = sourcecode.c.h; path = MessageCenter.h; sourceTree = "<group>"; };
		12D0F2EB1EC5644E004F2E3E /* MessageCenter.m */ = {isa = PBXFileReference; fileEncoding = 4; lastKnownFileType = sourcecode.c.objc; path = MessageCenter.m; sourceTree = "<group>"; };
		12D0F2ED1EC5F051004F2E3E /* SimulatedUsers.h */ = {isa = PBXFileReference; fileEncoding = 4; lastKnownFileType = sourcecode.c.h; path = SimulatedUsers.h; sourceTree = "<group>"; };
		12D0F2EE1EC5F051004F2E3E /* SimulatedUsers.m */ = {isa = PBXFileReference; fileEncoding = 4; lastKnownFileType = sourcecode.c.objc; path = SimulatedUsers.m; sourceTree = "<group>"; };
		12D0F2F01EC6BA18004F2E3E /* MaterialDesignSymbol.h */ = {isa = PBXFileReference; fileEncoding = 4; lastKnownFileType = sourcecode.c.h; path = MaterialDesignSymbol.h; sourceTree = "<group>"; };
		12D0F2F11EC6BA18004F2E3E /* MaterialDesignSymbol.m */ = {isa = PBXFileReference; fileEncoding = 4; lastKnownFileType = sourcecode.c.objc; path = MaterialDesignSymbol.m; sourceTree = "<group>"; };
		12D0F2F31EC6BA28004F2E3E /* material-design-icons.ttf */ = {isa = PBXFileReference; lastKnownFileType = file; path = "material-design-icons.ttf"; sourceTree = "<group>"; };
		12D0F2F71EC71D39004F2E3E /* Definitions.h */ = {isa = PBXFileReference; lastKnownFileType = sourcecode.c.h; path = Definitions.h; sourceTree = "<group>"; };
		12D0F2F81EC7F5E1004F2E3E /* GZIP.h */ = {isa = PBXFileReference; fileEncoding = 4; lastKnownFileType = sourcecode.c.h; path = GZIP.h; sourceTree = "<group>"; };
		12D0F2F91EC7F5E1004F2E3E /* NSData+GZIP.h */ = {isa = PBXFileReference; fileEncoding = 4; lastKnownFileType = sourcecode.c.h; path = "NSData+GZIP.h"; sourceTree = "<group>"; };
		12D0F2FA1EC7F5E1004F2E3E /* NSData+GZIP.m */ = {isa = PBXFileReference; fileEncoding = 4; lastKnownFileType = sourcecode.c.objc; path = "NSData+GZIP.m"; sourceTree = "<group>"; };
		12DE015F1EDC09D200E8D6DC /* Login.h */ = {isa = PBXFileReference; fileEncoding = 4; lastKnownFileType = sourcecode.c.h; path = Login.h; sourceTree = "<group>"; };
		12DE01601EDC09D200E8D6DC /* Login.m */ = {isa = PBXFileReference; fileEncoding = 4; lastKnownFileType = sourcecode.c.objc; path = Login.m; sourceTree = "<group>"; };
		12DE01621EDC0A0B00E8D6DC /* SignupAndLogin.h */ = {isa = PBXFileReference; fileEncoding = 4; lastKnownFileType = sourcecode.c.h; path = SignupAndLogin.h; sourceTree = "<group>"; };
		12DE01631EDC0A0B00E8D6DC /* SignupAndLogin.m */ = {isa = PBXFileReference; fileEncoding = 4; lastKnownFileType = sourcecode.c.objc; path = SignupAndLogin.m; sourceTree = "<group>"; };
		12DE01651EDC46E800E8D6DC /* LoginOrSignup.h */ = {isa = PBXFileReference; fileEncoding = 4; lastKnownFileType = sourcecode.c.h; path = LoginOrSignup.h; sourceTree = "<group>"; };
		12DE01661EDC46E800E8D6DC /* LoginOrSignup.m */ = {isa = PBXFileReference; fileEncoding = 4; lastKnownFileType = sourcecode.c.objc; path = LoginOrSignup.m; sourceTree = "<group>"; };
		12F167821EF0C8270025752E /* Segment.h */ = {isa = PBXFileReference; fileEncoding = 4; lastKnownFileType = sourcecode.c.h; path = Segment.h; sourceTree = "<group>"; };
		12F167831EF0C8270025752E /* Segment.m */ = {isa = PBXFileReference; fileEncoding = 4; lastKnownFileType = sourcecode.c.objc; path = Segment.m; sourceTree = "<group>"; };
		12F167851EF1620C0025752E /* Users.h */ = {isa = PBXFileReference; fileEncoding = 4; lastKnownFileType = sourcecode.c.h; path = Users.h; sourceTree = "<group>"; };
		12F167861EF1620C0025752E /* Users.m */ = {isa = PBXFileReference; fileEncoding = 4; lastKnownFileType = sourcecode.c.objc; path = Users.m; sourceTree = "<group>"; };
		12F1678B1EF21C260025752E /* PageTab.h */ = {isa = PBXFileReference; fileEncoding = 4; lastKnownFileType = sourcecode.c.h; path = PageTab.h; sourceTree = "<group>"; };
		12F1678C1EF21C260025752E /* PageTab.m */ = {isa = PBXFileReference; fileEncoding = 4; lastKnownFileType = sourcecode.c.objc; path = PageTab.m; sourceTree = "<group>"; };
		12F1678E1EF223870025752E /* PageTabs.h */ = {isa = PBXFileReference; fileEncoding = 4; lastKnownFileType = sourcecode.c.h; path = PageTabs.h; sourceTree = "<group>"; };
		12F1678F1EF223870025752E /* PageTabs.m */ = {isa = PBXFileReference; fileEncoding = 4; lastKnownFileType = sourcecode.c.objc; path = PageTabs.m; sourceTree = "<group>"; };
		12F167941EF3699D0025752E /* TextField.h */ = {isa = PBXFileReference; fileEncoding = 4; lastKnownFileType = sourcecode.c.h; path = TextField.h; sourceTree = "<group>"; };
		12F167951EF3699D0025752E /* TextField.m */ = {isa = PBXFileReference; fileEncoding = 4; lastKnownFileType = sourcecode.c.objc; path = TextField.m; sourceTree = "<group>"; };
		12F96D511EB2C2E10054DA6C /* UserNotifications.framework */ = {isa = PBXFileReference; lastKnownFileType = wrapper.framework; name = UserNotifications.framework; path = System/Library/Frameworks/UserNotifications.framework; sourceTree = SDKROOT; };
		12F96D531EB2D3910054DA6C /* WhoAreU.entitlements */ = {isa = PBXFileReference; lastKnownFileType = text.plist.entitlements; path = WhoAreU.entitlements; sourceTree = "<group>"; };
		12F96D541EB453620054DA6C /* ChatView.h */ = {isa = PBXFileReference; fileEncoding = 4; lastKnownFileType = sourcecode.c.h; path = ChatView.h; sourceTree = "<group>"; };
		12F96D551EB453620054DA6C /* ChatView.m */ = {isa = PBXFileReference; fileEncoding = 4; lastKnownFileType = sourcecode.c.objc; path = ChatView.m; sourceTree = "<group>"; };
		D4A487C12DE9527ADBA9164D /* libPods-WhoAreU.a */ = {isa = PBXFileReference; explicitFileType = archive.ar; includeInIndex = 0; path = "libPods-WhoAreU.a"; sourceTree = BUILT_PRODUCTS_DIR; };
		F591752FF2D50F4B997CF9E7 /* Pods-WhoAreU.release.xcconfig */ = {isa = PBXFileReference; includeInIndex = 1; lastKnownFileType = text.xcconfig; name = "Pods-WhoAreU.release.xcconfig"; path = "Pods/Target Support Files/Pods-WhoAreU/Pods-WhoAreU.release.xcconfig"; sourceTree = "<group>"; };
		F91BE83C47840D3AA4F39282 /* Pods-WhoAreU.debug.xcconfig */ = {isa = PBXFileReference; includeInIndex = 1; lastKnownFileType = text.xcconfig; name = "Pods-WhoAreU.debug.xcconfig"; path = "Pods/Target Support Files/Pods-WhoAreU/Pods-WhoAreU.debug.xcconfig"; sourceTree = "<group>"; };
/* End PBXFileReference section */

/* Begin PBXFrameworksBuildPhase section */
		122262741E8B6E8000F51FAE /* Frameworks */ = {
			isa = PBXFrameworksBuildPhase;
			buildActionMask = 2147483647;
			files = (
				12F96D521EB2C2E10054DA6C /* UserNotifications.framework in Frameworks */,
				122262BE1E8B79B900F51FAE /* AudioToolbox.framework in Frameworks */,
				122262BF1E8B79B900F51FAE /* CFNetwork.framework in Frameworks */,
				122262C01E8B79B900F51FAE /* CoreGraphics.framework in Frameworks */,
				122262C11E8B79B900F51FAE /* CoreLocation.framework in Frameworks */,
				122262C21E8B79B900F51FAE /* libsqlite3.0.tbd in Frameworks */,
				122262C31E8B79B900F51FAE /* libz.tbd in Frameworks */,
				122262C41E8B79B900F51FAE /* MapKit.framework in Frameworks */,
				122262C51E8B79B900F51FAE /* QuartzCore.framework in Frameworks */,
				122262C61E8B79B900F51FAE /* Security.framework in Frameworks */,
				122262C71E8B79B900F51FAE /* StoreKit.framework in Frameworks */,
				122262C81E8B79B900F51FAE /* SystemConfiguration.framework in Frameworks */,
				122262CF1E8B7E6900F51FAE /* AWSCore.framework in Frameworks */,
				122262D11E8B7E6900F51FAE /* AWSS3.framework in Frameworks */,
				122262B01E8B6EA600F51FAE /* Parse.framework in Frameworks */,
				122262B11E8B6EA600F51FAE /* ParseUI.framework in Frameworks */,
				122262AF1E8B6EA600F51FAE /* Bolts.framework in Frameworks */,
				A206A0F201B0F7145ED3C150 /* libPods-WhoAreU.a in Frameworks */,
			);
			runOnlyForDeploymentPostprocessing = 0;
		};
/* End PBXFrameworksBuildPhase section */

/* Begin PBXGroup section */
		121754941F0C7BB800C7D64B /* Location */ = {
			isa = PBXGroup;
			children = (
				121754911F0C7AC800C7D64B /* LocationViewController.h */,
				121754921F0C7AC800C7D64B /* LocationViewController.m */,
				1299A2141F0DC45F004EE1A5 /* LocationAnnotationView.h */,
				1299A2151F0DC45F004EE1A5 /* LocationAnnotationView.m */,
				1299A21A1F0E47C3004EE1A5 /* LocationLayout.h */,
				1299A21B1F0E47C3004EE1A5 /* LocationLayout.m */,
			);
			name = Location;
			sourceTree = "<group>";
		};
		1221144D1F1EE3400066F6CC /* Menu Controller */ = {
			isa = PBXGroup;
			children = (
				122114511F1EEC200066F6CC /* TGLGuillotineMenu.h */,
				122114521F1EEC200066F6CC /* TGLGuillotineMenu.m */,
				1221144E1F1EE3570066F6CC /* MainMenuViewController.h */,
				1221144F1F1EE3570066F6CC /* MainMenuViewController.m */,
			);
			name = "Menu Controller";
			sourceTree = "<group>";
		};
		1222626E1E8B6E8000F51FAE = {
			isa = PBXGroup;
			children = (
				122262911E8B6E8D00F51FAE /* Frameworks */,
				122262791E8B6E8000F51FAE /* WhoAreU */,
				122262781E8B6E8000F51FAE /* Products */,
				3173A26ECD73B2C210C3C1E2 /* Pods */,
			);
			sourceTree = "<group>";
		};
		122262781E8B6E8000F51FAE /* Products */ = {
			isa = PBXGroup;
			children = (
				122262771E8B6E8000F51FAE /* WhoAreU.app */,
			);
			name = Products;
			sourceTree = "<group>";
		};
		122262791E8B6E8000F51FAE /* WhoAreU */ = {
			isa = PBXGroup;
			children = (
				12F96D531EB2D3910054DA6C /* WhoAreU.entitlements */,
				126154111E8CCC6500F2AD4F /* Views */,
				1261540D1E8CCB9B00F2AD4F /* View Controllers */,
				126154061E8CBBAD00F2AD4F /* Engine */,
				1222627D1E8B6E8000F51FAE /* AppDelegate.h */,
				1222627E1E8B6E8000F51FAE /* AppDelegate.m */,
				122262801E8B6E8000F51FAE /* ViewController.h */,
				122262811E8B6E8000F51FAE /* ViewController.m */,
				122262831E8B6E8000F51FAE /* Main.storyboard */,
				1299A2E61F1DDE17004EE1A5 /* WhoAreAU.storyboard */,
				12C74CD41EE1793500F6480C /* Profile.h */,
				12C74CD51EE1793500F6480C /* Profile.m */,
				122262861E8B6E8000F51FAE /* Assets.xcassets */,
				122262881E8B6E8000F51FAE /* LaunchScreen.storyboard */,
				1222628B1E8B6E8000F51FAE /* Info.plist */,
				1222627A1E8B6E8000F51FAE /* Supporting Files */,
			);
			path = WhoAreU;
			sourceTree = "<group>";
		};
		1222627A1E8B6E8000F51FAE /* Supporting Files */ = {
			isa = PBXGroup;
			children = (
				12D0F2F31EC6BA28004F2E3E /* material-design-icons.ttf */,
				12D0F2F81EC7F5E1004F2E3E /* GZIP.h */,
				12D0F2F91EC7F5E1004F2E3E /* NSData+GZIP.h */,
				12D0F2FA1EC7F5E1004F2E3E /* NSData+GZIP.m */,
				1245874C1EBF40BD00746AAF /* NSDateTimeAgo.bundle */,
				1245874D1EBF40BD00746AAF /* NSDate+TimeAgo.h */,
				1245874E1EBF40BD00746AAF /* NSDate+TimeAgo.m */,
				122262D51E8B81FC00F51FAE /* S3File.h */,
				122262D61E8B81FC00F51FAE /* S3File.m */,
				122262D81E8B822B00F51FAE /* ObjectIdStore.h */,
				122262D91E8B822B00F51FAE /* ObjectIdStore.m */,
				1222627B1E8B6E8000F51FAE /* main.m */,
				122262B21E8B76EC00F51FAE /* WhoAreU.pch */,
				1289C39F1EA99F8300A69146 /* BaseFunctions.m */,
				1289C3A11EA99F9500A69146 /* BaseFunctions.h */,
				12D0F2F71EC71D39004F2E3E /* Definitions.h */,
			);
			name = "Supporting Files";
			sourceTree = "<group>";
		};
		122262911E8B6E8D00F51FAE /* Frameworks */ = {
			isa = PBXGroup;
			children = (
				12F96D511EB2C2E10054DA6C /* UserNotifications.framework */,
				122262CD1E8B7E6900F51FAE /* AWSCore.framework */,
				122262CE1E8B7E6900F51FAE /* AWSS3.framework */,
				122262B31E8B79B900F51FAE /* AudioToolbox.framework */,
				122262B41E8B79B900F51FAE /* CFNetwork.framework */,
				122262B51E8B79B900F51FAE /* CoreGraphics.framework */,
				122262B61E8B79B900F51FAE /* CoreLocation.framework */,
				122262B71E8B79B900F51FAE /* libsqlite3.0.tbd */,
				122262B81E8B79B900F51FAE /* libz.tbd */,
				122262B91E8B79B900F51FAE /* MapKit.framework */,
				122262BA1E8B79B900F51FAE /* QuartzCore.framework */,
				122262BB1E8B79B900F51FAE /* Security.framework */,
				122262BC1E8B79B900F51FAE /* StoreKit.framework */,
				122262BD1E8B79B900F51FAE /* SystemConfiguration.framework */,
				1222629F1E8B6EA600F51FAE /* Bolts.framework */,
				122262A01E8B6EA600F51FAE /* Parse.framework */,
				122262A11E8B6EA600F51FAE /* ParseUI.framework */,
				D4A487C12DE9527ADBA9164D /* libPods-WhoAreU.a */,
			);
			name = Frameworks;
			sourceTree = "<group>";
		};
		12322CAF1EFB664E00A0BBDD /* Profile subs */ = {
			isa = PBXGroup;
			children = (
				12322CB01EFB665E00A0BBDD /* SubProfile.h */,
				12322CB11EFB665E00A0BBDD /* SubProfile.m */,
			);
			name = "Profile subs";
			sourceTree = "<group>";
		};
		126154061E8CBBAD00F2AD4F /* Engine */ = {
			isa = PBXGroup;
			children = (
				1233F2261ECC5D9F00154CE6 /* WebSocket.h */,
				1233F2271ECC5D9F00154CE6 /* WebSocket.m */,
				12D0F2F01EC6BA18004F2E3E /* MaterialDesignSymbol.h */,
				12D0F2F11EC6BA18004F2E3E /* MaterialDesignSymbol.m */,
				12144DB51E934CEA000828BF /* ListField.h */,
				12144DB61E934CEA000828BF /* ListField.m */,
				126154071E8CBBEC00F2AD4F /* User.h */,
				126154081E8CBBEC00F2AD4F /* User.m */,
				12082F921E9376D700E8D051 /* ShadowLabel.h */,
				12082F931E9376D700E8D051 /* ShadowLabel.m */,
				121E15B31E95FE59009CCF51 /* MediaPicker.h */,
				121E15B41E95FE59009CCF51 /* MediaPicker.m */,
				12B796091EAA2C970041AE6C /* Engine.h */,
				12B7960A1EAA2C970041AE6C /* Engine.m */,
				12D0F2EA1EC5644E004F2E3E /* MessageCenter.h */,
				12D0F2EB1EC5644E004F2E3E /* MessageCenter.m */,
				12D0F2ED1EC5F051004F2E3E /* SimulatedUsers.h */,
				12D0F2EE1EC5F051004F2E3E /* SimulatedUsers.m */,
			);
			name = Engine;
			sourceTree = "<group>";
		};
		1261540D1E8CCB9B00F2AD4F /* View Controllers */ = {
			isa = PBXGroup;
			children = (
				12C74CDA1EE17C5300F6480C /* Cells */,
				1225F0181EB02B1E002763A0 /* ModalAnimator.h */,
				1225F0191EB02B1E002763A0 /* ModalAnimator.m */,
				1225F01A1EB02B1E002763A0 /* ModalViewController.h */,
				1225F01B1EB02B1E002763A0 /* ModalViewController.m */,
				12AEF8B81EFE859500FA90BF /* Chat */,
				12C74D0B1EE78EE300F6480C /* NearBy */,
				12BE6F391EF9328600074870 /* MainTabs.h */,
				12BE6F3A1EF9328600074870 /* MainTabs.m */,
				1225F01E1EB07491002763A0 /* Credits.h */,
				1225F01F1EB07491002763A0 /* Credits.m */,
				12134D4E1EBC0615001EEC5E /* Chats.h */,
				12134D4F1EBC0615001EEC5E /* Chats.m */,
				124587511EC0248700746AAF /* Channels.h */,
				124587521EC0248700746AAF /* Channels.m */,
				120A02461EDBDA7500547CDA /* EntryPoint.h */,
				120A02471EDBDA7500547CDA /* EntryPoint.m */,
				12DE015F1EDC09D200E8D6DC /* Login.h */,
				12DE01601EDC09D200E8D6DC /* Login.m */,
				12DE01621EDC0A0B00E8D6DC /* SignupAndLogin.h */,
				12DE01631EDC0A0B00E8D6DC /* SignupAndLogin.m */,
				12DE01651EDC46E800E8D6DC /* LoginOrSignup.h */,
				12DE01661EDC46E800E8D6DC /* LoginOrSignup.m */,
				122DFAB41EDCF5A700581C6B /* Setting.h */,
				122DFAB51EDCF5A700581C6B /* Setting.m */,
				12C74CCE1EDEE16D00F6480C /* ProfilePhoto.h */,
				12C74CCF1EDEE16D00F6480C /* ProfilePhoto.m */,
				12C74CFE1EE5323000F6480C /* NavCon.h */,
				12C74CFF1EE5323000F6480C /* NavCon.m */,
				12F1678B1EF21C260025752E /* PageTab.h */,
				12F1678C1EF21C260025752E /* PageTab.m */,
				125690A81EF6AB3000723771 /* ProfileMain.h */,
				125690A91EF6AB3000723771 /* ProfileMain.m */,
				1221144D1F1EE3400066F6CC /* Menu Controller */,
				1299A27D1F18E6C4004EE1A5 /* Cluster */,
				121754941F0C7BB800C7D64B /* Location */,
				12322CAF1EFB664E00A0BBDD /* Profile subs */,
			);
			name = "View Controllers";
			sourceTree = "<group>";
		};
		126154111E8CCC6500F2AD4F /* Views */ = {
			isa = PBXGroup;
			children = (
				128C257C1EBAAA950003F502 /* UIView+Badge.h */,
				128C257D1EBAAA950003F502 /* UIView+Badge.m */,
				1289C39C1EA7956000A69146 /* IndentedLabel.h */,
				1289C39D1EA7956000A69146 /* IndentedLabel.m */,
				124587461EBD92F400746AAF /* BalloonLabel.h */,
				124587471EBD92F400746AAF /* BalloonLabel.m */,
				12A213431EB47DBD00DF79B0 /* Balloon.h */,
				12A213441EB47DBD00DF79B0 /* Balloon.m */,
				12F96D541EB453620054DA6C /* ChatView.h */,
				12F96D551EB453620054DA6C /* ChatView.m */,
				121723061ECFEEF100494A4E /* ChatRow.h */,
				121723071ECFEEF100494A4E /* ChatRow.m */,
				1215C5A81EA6F88000BA509E /* Compass.h */,
				1215C5A91EA6F88000BA509E /* Compass.m */,
				12C74CF81EE43E2C00F6480C /* CompassView.h */,
				12C74CF91EE43E2C00F6480C /* CompassView.m */,
				12C74CFB1EE5033100F6480C /* MapView.h */,
				12C74CFC1EE5033100F6480C /* MapView.m */,
				1249DD491EAC46CA00E9E39F /* MediaCollection.h */,
				1249DD4A1EAC46CA00E9E39F /* MediaCollection.m */,
				124587431EBD61CF00746AAF /* Refresh.h */,
				124587441EBD61CF00746AAF /* Refresh.m */,
				126154121E8CCC7900F2AD4F /* PhotoView.h */,
				126154131E8CCC7900F2AD4F /* PhotoView.m */,
				123AF15A1EA07DF300ED0547 /* Preview.h */,
				123AF15B1EA07DF300ED0547 /* Preview.m */,
				124587541EC3F2B100746AAF /* MediaView.h */,
				124587551EC3F2B100746AAF /* MediaView.m */,
				124587571EC3F3E100746AAF /* CenterScrollView.h */,
				124587581EC3F3E100746AAF /* CenterScrollView.m */,
				120A02401ED8602300547CDA /* PopupMenu.h */,
				120A02411ED8602300547CDA /* PopupMenu.m */,
				12C74CEB1EE2533400F6480C /* PopupView.h */,
				12C74CEC1EE2533400F6480C /* PopupView.m */,
				120A02431ED92C5400547CDA /* DropDownNavigationItem.h */,
				120A02441ED92C5400547CDA /* DropDownNavigationItem.m */,
				12C74CCB1EDD791000F6480C /* SaveField.h */,
				12C74CCC1EDD791000F6480C /* SaveField.m */,
				12C74D131EE7B3E500F6480C /* BlurView.h */,
				12C74D141EE7B3E600F6480C /* BlurView.m */,
				12C74D161EE7C55D00F6480C /* SelectionTab.h */,
				12C74D171EE7C55D00F6480C /* SelectionTab.m */,
				12843FF71EECC72C00AF0BDE /* Photo.h */,
				12843FF81EECC72C00AF0BDE /* Photo.m */,
				12F167821EF0C8270025752E /* Segment.h */,
				12F167831EF0C8270025752E /* Segment.m */,
				12F1678E1EF223870025752E /* PageTabs.h */,
				12F1678F1EF223870025752E /* PageTabs.m */,
				12F167941EF3699D0025752E /* TextField.h */,
				12F167951EF3699D0025752E /* TextField.m */,
				12BE6F3C1EF9333B00074870 /* TabBar.h */,
				12BE6F3D1EF9333B00074870 /* TabBar.m */,
				12AEF8B91EFF370800FA90BF /* HeaderMenu.h */,
				12AEF8BA1EFF370800FA90BF /* HeaderMenu.m */,
				1217547D1F01E52F00C7D64B /* MessageView.h */,
				1217547E1F01E52F00C7D64B /* MessageView.m */,
				121754881F05FDF400C7D64B /* MediaPlayer.h */,
				121754891F05FDF400C7D64B /* MediaPlayer.m */,
				1217548E1F07394200C7D64B /* Collection.h */,
				1217548F1F07394200C7D64B /* Collection.m */,
				1299A2941F1CC591004EE1A5 /* FloatingActionButton.h */,
				1299A2951F1CC591004EE1A5 /* FloatingActionButton.m */,
				1299A2D61F1CE1B0004EE1A5 /* Pallete */,
				12C74CE51EE23C4900F6480C /* MediaPage */,
			);
			name = Views;
			sourceTree = "<group>";
		};
		1299A27D1F18E6C4004EE1A5 /* Cluster */ = {
			isa = PBXGroup;
			children = (
				1299A27E1F18E727004EE1A5 /* ClusterViewController.h */,
				1299A27F1F18E727004EE1A5 /* ClusterViewController.m */,
				1299A2841F19BF33004EE1A5 /* ClusterAnnotation.h */,
				1299A2851F19BF33004EE1A5 /* ClusterAnnotation.m */,
				1299A2811F18F278004EE1A5 /* ClusterController.h */,
				1299A2821F18F278004EE1A5 /* ClusterController.m */,
				1299A2871F1B8FB6004EE1A5 /* FBAnnotationCluster.h */,
				1299A2881F1B8FB6004EE1A5 /* FBAnnotationCluster.m */,
				1299A2891F1B8FB6004EE1A5 /* FBAnnotationClustering.h */,
				1299A28A1F1B8FB6004EE1A5 /* FBClusteringManager.h */,
				1299A28B1F1B8FB6004EE1A5 /* FBClusteringManager.m */,
				1299A28C1F1B8FB6004EE1A5 /* FBQuadTree.h */,
				1299A28D1F1B8FB6004EE1A5 /* FBQuadTree.m */,
				1299A28E1F1B8FB6004EE1A5 /* FBQuadTreeNode.h */,
				1299A28F1F1B8FB6004EE1A5 /* FBQuadTreeNode.m */,
				1299A2E11F1D8B57004EE1A5 /* MDCInkLayer.h */,
				1299A2E21F1D8B57004EE1A5 /* MDCInkLayer.m */,
			);
			name = Cluster;
			sourceTree = "<group>";
		};
		1299A2D61F1CE1B0004EE1A5 /* Pallete */ = {
			isa = PBXGroup;
			children = (
				1299A2D71F1CE1C8004EE1A5 /* MaterialPalettes.h */,
				1299A2D81F1CE1C8004EE1A5 /* MDCPaletteExpansions.h */,
				1299A2D91F1CE1C8004EE1A5 /* MDCPaletteExpansions.m */,
				1299A2DA1F1CE1C8004EE1A5 /* MDCPaletteNames.h */,
				1299A2DB1F1CE1C8004EE1A5 /* MDCPaletteNames.m */,
				1299A2DC1F1CE1C8004EE1A5 /* MDCPalettes.h */,
				1299A2DD1F1CE1C8004EE1A5 /* MDCPalettes.m */,
			);
			name = Pallete;
			sourceTree = "<group>";
		};
		12AEF8B81EFE859500FA90BF /* Chat */ = {
			isa = PBXGroup;
			children = (
				123AF15D1EA1AF7500ED0547 /* Chat.h */,
				123AF15E1EA1AF7500ED0547 /* Chat.m */,
			);
			name = Chat;
			sourceTree = "<group>";
		};
		12C74CDA1EE17C5300F6480C /* Cells */ = {
			isa = PBXGroup;
			children = (
				12C74CDD1EE1828C00F6480C /* Profile.h */,
				12C74CDE1EE1828C00F6480C /* Profile.m */,
				12C74CD71EE17C4B00F6480C /* ProfileCell.h */,
				12C74CD81EE17C4B00F6480C /* ProfileCell.m */,
				12C74CDB1EE17C7500F6480C /* ProfileCell.xib */,
				12C74CE01EE18BD600F6480C /* UserMapCell.h */,
				12C74CE11EE18BD600F6480C /* UserMapCell.m */,
				12C74CE31EE18BE500F6480C /* UserMapCell.xib */,
				12C74CEE1EE2592D00F6480C /* FollowCell.h */,
				12C74CEF1EE2592D00F6480C /* FollowCell.m */,
				12C74CF11EE2593900F6480C /* FollowCell.xib */,
				12C74CF51EE259D300F6480C /* FollowingUserCell.h */,
				12C74CF61EE259D300F6480C /* FollowingUserCell.m */,
				12C74CF31EE259BC00F6480C /* FollowingUserCell.xib */,
				12C74D011EE538C900F6480C /* CommentCell.h */,
				12C74D021EE538C900F6480C /* CommentCell.m */,
				12C74D041EE538D400F6480C /* CommentCell.xib */,
				12C74D081EE53D2E00F6480C /* AddCommentCell.h */,
				12C74D091EE53D2E00F6480C /* AddCommentCell.m */,
				12C74D061EE53D1F00F6480C /* AddCommentCell.xib */,
			);
			name = Cells;
			sourceTree = "<group>";
		};
		12C74CE51EE23C4900F6480C /* MediaPage */ = {
			isa = PBXGroup;
			children = (
				12C74CD11EE024F500F6480C /* MediaPage.h */,
				12C74CD21EE024F500F6480C /* MediaPage.m */,
				12C74CE61EE23C5B00F6480C /* MediaPageCell.xib */,
				12C74CE81EE23C7C00F6480C /* MediaPageCell.h */,
				12C74CE91EE23C7D00F6480C /* MediaPageCell.m */,
			);
			name = MediaPage;
			sourceTree = "<group>";
		};
		12C74D0B1EE78EE300F6480C /* NearBy */ = {
			isa = PBXGroup;
			children = (
				12C74D0C1EE78F0700F6480C /* UserCell.xib */,
				12C74D0E1EE78F1C00F6480C /* UserCell.h */,
				12C74D0F1EE78F1C00F6480C /* UserCell.m */,
				12C74D111EE79D5B00F6480C /* LoadMoreCell.xib */,
				12F167851EF1620C0025752E /* Users.h */,
				12F167861EF1620C0025752E /* Users.m */,
				121754851F0494A200C7D64B /* Cards.h */,
				121754861F0494A200C7D64B /* Cards.m */,
				121754801F0484DB00C7D64B /* Card.h */,
				121754811F0484DB00C7D64B /* Card.m */,
				121754831F048AA700C7D64B /* Card.xib */,
			);
			name = NearBy;
			sourceTree = "<group>";
		};
		3173A26ECD73B2C210C3C1E2 /* Pods */ = {
			isa = PBXGroup;
			children = (
				F91BE83C47840D3AA4F39282 /* Pods-WhoAreU.debug.xcconfig */,
				F591752FF2D50F4B997CF9E7 /* Pods-WhoAreU.release.xcconfig */,
			);
			name = Pods;
			sourceTree = "<group>";
		};
/* End PBXGroup section */

/* Begin PBXNativeTarget section */
		122262761E8B6E8000F51FAE /* WhoAreU */ = {
			isa = PBXNativeTarget;
			buildConfigurationList = 1222628E1E8B6E8000F51FAE /* Build configuration list for PBXNativeTarget "WhoAreU" */;
			buildPhases = (
				CF40997282C127C983E066F1 /* [CP] Check Pods Manifest.lock */,
				122262731E8B6E8000F51FAE /* Sources */,
				122262741E8B6E8000F51FAE /* Frameworks */,
				122262751E8B6E8000F51FAE /* Resources */,
				122262D31E8B7E6900F51FAE /* Embed Frameworks */,
				122262D41E8B810700F51FAE /* ShellScript */,
				E9E47F210F5B53A9D882AD87 /* [CP] Embed Pods Frameworks */,
				E3F18C4D1EE55D3FF1209157 /* [CP] Copy Pods Resources */,
			);
			buildRules = (
			);
			dependencies = (
			);
			name = WhoAreU;
			productName = WhoAreU;
			productReference = 122262771E8B6E8000F51FAE /* WhoAreU.app */;
			productType = "com.apple.product-type.application";
		};
/* End PBXNativeTarget section */

/* Begin PBXProject section */
		1222626F1E8B6E8000F51FAE /* Project object */ = {
			isa = PBXProject;
			attributes = {
				LastUpgradeCheck = 0820;
				ORGANIZATIONNAME = "SMARTLY CO.";
				TargetAttributes = {
					122262761E8B6E8000F51FAE = {
						CreatedOnToolsVersion = 8.2.1;
						DevelopmentTeam = A52TMCAM33;
						ProvisioningStyle = Automatic;
						SystemCapabilities = {
							com.apple.BackgroundModes = {
								enabled = 1;
							};
							com.apple.InAppPurchase = {
								enabled = 1;
							};
							com.apple.Push = {
								enabled = 1;
							};
						};
					};
				};
			};
			buildConfigurationList = 122262721E8B6E8000F51FAE /* Build configuration list for PBXProject "WhoAreU" */;
			compatibilityVersion = "Xcode 3.2";
			developmentRegion = English;
			hasScannedForEncodings = 0;
			knownRegions = (
				en,
				Base,
			);
			mainGroup = 1222626E1E8B6E8000F51FAE;
			productRefGroup = 122262781E8B6E8000F51FAE /* Products */;
			projectDirPath = "";
			projectRoot = "";
			targets = (
				122262761E8B6E8000F51FAE /* WhoAreU */,
			);
		};
/* End PBXProject section */

/* Begin PBXResourcesBuildPhase section */
		122262751E8B6E8000F51FAE /* Resources */ = {
			isa = PBXResourcesBuildPhase;
			buildActionMask = 2147483647;
			files = (
				1222628A1E8B6E8000F51FAE /* LaunchScreen.storyboard in Resources */,
				121754841F048AA700C7D64B /* Card.xib in Resources */,
				122262871E8B6E8000F51FAE /* Assets.xcassets in Resources */,
				12C74CF21EE2593A00F6480C /* FollowCell.xib in Resources */,
				1245874F1EBF40BD00746AAF /* NSDateTimeAgo.bundle in Resources */,
				12C74D071EE53D1F00F6480C /* AddCommentCell.xib in Resources */,
				1299A2E71F1DDE17004EE1A5 /* WhoAreAU.storyboard in Resources */,
				12D0F2F41EC6BFDA004F2E3E /* material-design-icons.ttf in Resources */,
				122262851E8B6E8000F51FAE /* Main.storyboard in Resources */,
				12C74CF41EE259BC00F6480C /* FollowingUserCell.xib in Resources */,
				12C74CDC1EE17C7500F6480C /* ProfileCell.xib in Resources */,
				12C74D0D1EE78F0700F6480C /* UserCell.xib in Resources */,
				12C74CE71EE23C5B00F6480C /* MediaPageCell.xib in Resources */,
				12C74CE41EE18BE500F6480C /* UserMapCell.xib in Resources */,
				12C74D121EE79D5B00F6480C /* LoadMoreCell.xib in Resources */,
				12C74D051EE538D400F6480C /* CommentCell.xib in Resources */,
			);
			runOnlyForDeploymentPostprocessing = 0;
		};
/* End PBXResourcesBuildPhase section */

/* Begin PBXShellScriptBuildPhase section */
		122262D41E8B810700F51FAE /* ShellScript */ = {
			isa = PBXShellScriptBuildPhase;
			buildActionMask = 2147483647;
			files = (
			);
			inputPaths = (
			);
			outputPaths = (
			);
			runOnlyForDeploymentPostprocessing = 0;
			shellPath = /bin/sh;
			shellScript = "bash \"${BUILT_PRODUCTS_DIR}/${FRAMEWORKS_FOLDER_PATH}/AWSCore.framework/strip-frameworks.sh\"";
		};
		CF40997282C127C983E066F1 /* [CP] Check Pods Manifest.lock */ = {
			isa = PBXShellScriptBuildPhase;
			buildActionMask = 2147483647;
			files = (
			);
			inputPaths = (
			);
			name = "[CP] Check Pods Manifest.lock";
			outputPaths = (
			);
			runOnlyForDeploymentPostprocessing = 0;
			shellPath = /bin/sh;
			shellScript = "diff \"${PODS_PODFILE_DIR_PATH}/Podfile.lock\" \"${PODS_ROOT}/Manifest.lock\" > /dev/null\nif [ $? != 0 ] ; then\n    # print error to STDERR\n    echo \"error: The sandbox is not in sync with the Podfile.lock. Run 'pod install' or update your CocoaPods installation.\" >&2\n    exit 1\nfi\n";
			showEnvVarsInLog = 0;
		};
		E3F18C4D1EE55D3FF1209157 /* [CP] Copy Pods Resources */ = {
			isa = PBXShellScriptBuildPhase;
			buildActionMask = 2147483647;
			files = (
			);
			inputPaths = (
			);
			name = "[CP] Copy Pods Resources";
			outputPaths = (
			);
			runOnlyForDeploymentPostprocessing = 0;
			shellPath = /bin/sh;
			shellScript = "\"${SRCROOT}/Pods/Target Support Files/Pods-WhoAreU/Pods-WhoAreU-resources.sh\"\n";
			showEnvVarsInLog = 0;
		};
		E9E47F210F5B53A9D882AD87 /* [CP] Embed Pods Frameworks */ = {
			isa = PBXShellScriptBuildPhase;
			buildActionMask = 2147483647;
			files = (
			);
			inputPaths = (
			);
			name = "[CP] Embed Pods Frameworks";
			outputPaths = (
			);
			runOnlyForDeploymentPostprocessing = 0;
			shellPath = /bin/sh;
			shellScript = "\"${SRCROOT}/Pods/Target Support Files/Pods-WhoAreU/Pods-WhoAreU-frameworks.sh\"\n";
			showEnvVarsInLog = 0;
		};
/* End PBXShellScriptBuildPhase section */

/* Begin PBXSourcesBuildPhase section */
		122262731E8B6E8000F51FAE /* Sources */ = {
			isa = PBXSourcesBuildPhase;
			buildActionMask = 2147483647;
			files = (
				1299A2921F1B8FB7004EE1A5 /* FBQuadTree.m in Sources */,
				12D0F2FB1EC7F5E1004F2E3E /* NSData+GZIP.m in Sources */,
				1299A2901F1B8FB7004EE1A5 /* FBAnnotationCluster.m in Sources */,
				126154141E8CCC7900F2AD4F /* PhotoView.m in Sources */,
				124587531EC0248700746AAF /* Channels.m in Sources */,
				122262821E8B6E8000F51FAE /* ViewController.m in Sources */,
				1299A2831F18F278004EE1A5 /* ClusterController.m in Sources */,
				125690AA1EF6AB3000723771 /* ProfileMain.m in Sources */,
				122262D71E8B81FC00F51FAE /* S3File.m in Sources */,
				1299A2DF1F1CE1C8004EE1A5 /* MDCPaletteNames.m in Sources */,
				12BE6F3B1EF9328600074870 /* MainTabs.m in Sources */,
				121754931F0C7AC800C7D64B /* LocationViewController.m in Sources */,
				12D0F2EC1EC5644E004F2E3E /* MessageCenter.m in Sources */,
				12C74D101EE78F1C00F6480C /* UserCell.m in Sources */,
				1217548A1F05FDF400C7D64B /* MediaPlayer.m in Sources */,
				120A02451ED92C5400547CDA /* DropDownNavigationItem.m in Sources */,
				1299A2961F1CC591004EE1A5 /* FloatingActionButton.m in Sources */,
				120A02421ED8602300547CDA /* PopupMenu.m in Sources */,
				124587501EBF40BD00746AAF /* NSDate+TimeAgo.m in Sources */,
				123AF15C1EA07DF300ED0547 /* Preview.m in Sources */,
				12C74CFD1EE5033100F6480C /* MapView.m in Sources */,
				128C257E1EBAAA950003F502 /* UIView+Badge.m in Sources */,
				12F167901EF223870025752E /* PageTabs.m in Sources */,
				121754901F07394200C7D64B /* Collection.m in Sources */,
				12322CB21EFB665E00A0BBDD /* SubProfile.m in Sources */,
				1249DD4B1EAC46CA00E9E39F /* MediaCollection.m in Sources */,
				1217547F1F01E52F00C7D64B /* MessageView.m in Sources */,
				12C74CE21EE18BD600F6480C /* UserMapCell.m in Sources */,
				120A02481EDBDA7500547CDA /* EntryPoint.m in Sources */,
				126154091E8CBBEC00F2AD4F /* User.m in Sources */,
				12C74D001EE5323000F6480C /* NavCon.m in Sources */,
				124587561EC3F2B100746AAF /* MediaView.m in Sources */,
				1289C3A01EA99F8300A69146 /* BaseFunctions.m in Sources */,
				1225F01C1EB02B1E002763A0 /* ModalAnimator.m in Sources */,
				122114501F1EE3570066F6CC /* MainMenuViewController.m in Sources */,
				12C74CDF1EE1828C00F6480C /* Profile.m in Sources */,
				12C74CEA1EE23C7D00F6480C /* MediaPageCell.m in Sources */,
				12C74CD01EDEE16D00F6480C /* ProfilePhoto.m in Sources */,
				12C74CCD1EDD791000F6480C /* SaveField.m in Sources */,
				12C74D151EE7B3E600F6480C /* BlurView.m in Sources */,
				1299A21C1F0E47C3004EE1A5 /* LocationLayout.m in Sources */,
				12C74CF01EE2592D00F6480C /* FollowCell.m in Sources */,
				122114531F1EEC200066F6CC /* TGLGuillotineMenu.m in Sources */,
				12F96D561EB453620054DA6C /* ChatView.m in Sources */,
				1299A2931F1B8FB7004EE1A5 /* FBQuadTreeNode.m in Sources */,
				124587481EBD92F400746AAF /* BalloonLabel.m in Sources */,
				124587451EBD61CF00746AAF /* Refresh.m in Sources */,
				12082F941E9376D700E8D051 /* ShadowLabel.m in Sources */,
				12F167961EF3699D0025752E /* TextField.m in Sources */,
				12DE01671EDC46E800E8D6DC /* LoginOrSignup.m in Sources */,
				12134D501EBC0615001EEC5E /* Chats.m in Sources */,
				12DE01611EDC09D200E8D6DC /* Login.m in Sources */,
				12F1678D1EF21C260025752E /* PageTab.m in Sources */,
				124587591EC3F3E100746AAF /* CenterScrollView.m in Sources */,
				12F167871EF1620C0025752E /* Users.m in Sources */,
				12C74D031EE538C900F6480C /* CommentCell.m in Sources */,
				12C74CD31EE024F500F6480C /* MediaPage.m in Sources */,
				12144DB71E934CEA000828BF /* ListField.m in Sources */,
				12AEF8BB1EFF370900FA90BF /* HeaderMenu.m in Sources */,
				1233F2281ECC5D9F00154CE6 /* WebSocket.m in Sources */,
				12B7960B1EAA2C970041AE6C /* Engine.m in Sources */,
				12F167841EF0C8270025752E /* Segment.m in Sources */,
				1289C39E1EA7956000A69146 /* IndentedLabel.m in Sources */,
				1225F0201EB07491002763A0 /* Credits.m in Sources */,
				12C74CD91EE17C4B00F6480C /* ProfileCell.m in Sources */,
				1299A2E31F1D8B57004EE1A5 /* MDCInkLayer.m in Sources */,
				12BE6F3E1EF9333B00074870 /* TabBar.m in Sources */,
				12843FF91EECC72C00AF0BDE /* Photo.m in Sources */,
				12C74CFA1EE43E2C00F6480C /* CompassView.m in Sources */,
				12A213451EB47DBD00DF79B0 /* Balloon.m in Sources */,
				122262DA1E8B822B00F51FAE /* ObjectIdStore.m in Sources */,
				1299A2911F1B8FB7004EE1A5 /* FBClusteringManager.m in Sources */,
				122DFAB61EDCF5A700581C6B /* Setting.m in Sources */,
				12DE01641EDC0A0B00E8D6DC /* SignupAndLogin.m in Sources */,
				1222627F1E8B6E8000F51FAE /* AppDelegate.m in Sources */,
				12C74CED1EE2533400F6480C /* PopupView.m in Sources */,
				1225F01D1EB02B1E002763A0 /* ModalViewController.m in Sources */,
				1299A2DE1F1CE1C8004EE1A5 /* MDCPaletteExpansions.m in Sources */,
				121754871F0494A200C7D64B /* Cards.m in Sources */,
				1215C5AA1EA6F88000BA509E /* Compass.m in Sources */,
				123AF15F1EA1AF7500ED0547 /* Chat.m in Sources */,
				12D0F2F21EC6BA19004F2E3E /* MaterialDesignSymbol.m in Sources */,
				1299A2E01F1CE1C8004EE1A5 /* MDCPalettes.m in Sources */,
				121E15B51E95FE59009CCF51 /* MediaPicker.m in Sources */,
				12C74D181EE7C55D00F6480C /* SelectionTab.m in Sources */,
				1222627C1E8B6E8000F51FAE /* main.m in Sources */,
				121754821F0484DB00C7D64B /* Card.m in Sources */,
				1299A2861F19BF33004EE1A5 /* ClusterAnnotation.m in Sources */,
				1299A2801F18E727004EE1A5 /* ClusterViewController.m in Sources */,
				1299A2161F0DC45F004EE1A5 /* LocationAnnotationView.m in Sources */,
				12C74D0A1EE53D2E00F6480C /* AddCommentCell.m in Sources */,
				121723081ECFEEF100494A4E /* ChatRow.m in Sources */,
				12C74CF71EE259D300F6480C /* FollowingUserCell.m in Sources */,
				12D0F2EF1EC5F051004F2E3E /* SimulatedUsers.m in Sources */,
			);
			runOnlyForDeploymentPostprocessing = 0;
		};
/* End PBXSourcesBuildPhase section */

/* Begin PBXVariantGroup section */
		122262831E8B6E8000F51FAE /* Main.storyboard */ = {
			isa = PBXVariantGroup;
			children = (
				122262841E8B6E8000F51FAE /* Base */,
			);
			name = Main.storyboard;
			sourceTree = "<group>";
		};
		122262881E8B6E8000F51FAE /* LaunchScreen.storyboard */ = {
			isa = PBXVariantGroup;
			children = (
				122262891E8B6E8000F51FAE /* Base */,
			);
			name = LaunchScreen.storyboard;
			sourceTree = "<group>";
		};
/* End PBXVariantGroup section */

/* Begin XCBuildConfiguration section */
		1222628C1E8B6E8000F51FAE /* Debug */ = {
			isa = XCBuildConfiguration;
			buildSettings = {
				ALWAYS_SEARCH_USER_PATHS = NO;
				CLANG_ANALYZER_NONNULL = YES;
				CLANG_CXX_LANGUAGE_STANDARD = "gnu++0x";
				CLANG_CXX_LIBRARY = "libc++";
				CLANG_ENABLE_MODULES = YES;
				CLANG_ENABLE_OBJC_ARC = YES;
				CLANG_WARN_BOOL_CONVERSION = YES;
				CLANG_WARN_CONSTANT_CONVERSION = YES;
				CLANG_WARN_DIRECT_OBJC_ISA_USAGE = YES_ERROR;
				CLANG_WARN_DOCUMENTATION_COMMENTS = YES;
				CLANG_WARN_EMPTY_BODY = YES;
				CLANG_WARN_ENUM_CONVERSION = YES;
				CLANG_WARN_INFINITE_RECURSION = YES;
				CLANG_WARN_INT_CONVERSION = YES;
				CLANG_WARN_OBJC_ROOT_CLASS = YES_ERROR;
				CLANG_WARN_SUSPICIOUS_MOVE = YES;
				CLANG_WARN_UNREACHABLE_CODE = YES;
				CLANG_WARN__DUPLICATE_METHOD_MATCH = YES;
				"CODE_SIGN_IDENTITY[sdk=iphoneos*]" = "iPhone Developer";
				COPY_PHASE_STRIP = NO;
				DEBUG_ACTIVITY_MODE = "";
				"DEBUG_ACTIVITY_MODE[sdk=iphonesimulator*]" = disable;
				DEBUG_INFORMATION_FORMAT = dwarf;
				ENABLE_STRICT_OBJC_MSGSEND = YES;
				ENABLE_TESTABILITY = YES;
				GCC_C_LANGUAGE_STANDARD = gnu99;
				GCC_DYNAMIC_NO_PIC = NO;
				GCC_NO_COMMON_BLOCKS = YES;
				GCC_OPTIMIZATION_LEVEL = 0;
				GCC_PRECOMPILE_PREFIX_HEADER = YES;
				GCC_PREFIX_HEADER = WhoAreU/WhoAreU.pch;
				GCC_PREPROCESSOR_DEFINITIONS = (
					"DEBUG=1",
					"$(inherited)",
				);
				GCC_WARN_64_TO_32_BIT_CONVERSION = YES;
				GCC_WARN_ABOUT_RETURN_TYPE = YES_ERROR;
				GCC_WARN_UNDECLARED_SELECTOR = YES;
				GCC_WARN_UNINITIALIZED_AUTOS = YES_AGGRESSIVE;
				GCC_WARN_UNUSED_FUNCTION = YES;
				GCC_WARN_UNUSED_VARIABLE = YES;
				IPHONEOS_DEPLOYMENT_TARGET = 10.2;
				MTL_ENABLE_DEBUG_INFO = YES;
				ONLY_ACTIVE_ARCH = YES;
				SDKROOT = iphoneos;
			};
			name = Debug;
		};
		1222628D1E8B6E8000F51FAE /* Release */ = {
			isa = XCBuildConfiguration;
			buildSettings = {
				ALWAYS_SEARCH_USER_PATHS = NO;
				CLANG_ANALYZER_NONNULL = YES;
				CLANG_CXX_LANGUAGE_STANDARD = "gnu++0x";
				CLANG_CXX_LIBRARY = "libc++";
				CLANG_ENABLE_MODULES = YES;
				CLANG_ENABLE_OBJC_ARC = YES;
				CLANG_WARN_BOOL_CONVERSION = YES;
				CLANG_WARN_CONSTANT_CONVERSION = YES;
				CLANG_WARN_DIRECT_OBJC_ISA_USAGE = YES_ERROR;
				CLANG_WARN_DOCUMENTATION_COMMENTS = YES;
				CLANG_WARN_EMPTY_BODY = YES;
				CLANG_WARN_ENUM_CONVERSION = YES;
				CLANG_WARN_INFINITE_RECURSION = YES;
				CLANG_WARN_INT_CONVERSION = YES;
				CLANG_WARN_OBJC_ROOT_CLASS = YES_ERROR;
				CLANG_WARN_SUSPICIOUS_MOVE = YES;
				CLANG_WARN_UNREACHABLE_CODE = YES;
				CLANG_WARN__DUPLICATE_METHOD_MATCH = YES;
				"CODE_SIGN_IDENTITY[sdk=iphoneos*]" = "iPhone Developer";
				COPY_PHASE_STRIP = NO;
				DEBUG_ACTIVITY_MODE = "";
				DEBUG_INFORMATION_FORMAT = "dwarf-with-dsym";
				ENABLE_NS_ASSERTIONS = NO;
				ENABLE_STRICT_OBJC_MSGSEND = YES;
				GCC_C_LANGUAGE_STANDARD = gnu99;
				GCC_NO_COMMON_BLOCKS = YES;
				GCC_PRECOMPILE_PREFIX_HEADER = YES;
				GCC_PREFIX_HEADER = WhoAreU/WhoAreU.pch;
				GCC_WARN_64_TO_32_BIT_CONVERSION = YES;
				GCC_WARN_ABOUT_RETURN_TYPE = YES_ERROR;
				GCC_WARN_UNDECLARED_SELECTOR = YES;
				GCC_WARN_UNINITIALIZED_AUTOS = YES_AGGRESSIVE;
				GCC_WARN_UNUSED_FUNCTION = YES;
				GCC_WARN_UNUSED_VARIABLE = YES;
				IPHONEOS_DEPLOYMENT_TARGET = 10.2;
				MTL_ENABLE_DEBUG_INFO = NO;
				SDKROOT = iphoneos;
				VALIDATE_PRODUCT = YES;
			};
			name = Release;
		};
		1222628F1E8B6E8000F51FAE /* Debug */ = {
			isa = XCBuildConfiguration;
			baseConfigurationReference = F91BE83C47840D3AA4F39282 /* Pods-WhoAreU.debug.xcconfig */;
			buildSettings = {
				ASSETCATALOG_COMPILER_APPICON_NAME = AppIcon;
				CODE_SIGN_ENTITLEMENTS = WhoAreU/WhoAreU.entitlements;
				DEVELOPMENT_TEAM = A52TMCAM33;
				FRAMEWORK_SEARCH_PATHS = (
					"$(inherited)",
					"$(PROJECT_DIR)",
				);
				INFOPLIST_FILE = WhoAreU/Info.plist;
				LD_RUNPATH_SEARCH_PATHS = "$(inherited) @executable_path/Frameworks";
				LIBRARY_SEARCH_PATHS = (
					"$(inherited)",
					"$(PROJECT_DIR)",
				);
				PRODUCT_BUNDLE_IDENTIFIER = kr.smartly.WhoAreU;
				PRODUCT_NAME = "$(TARGET_NAME)";
			};
			name = Debug;
		};
		122262901E8B6E8000F51FAE /* Release */ = {
			isa = XCBuildConfiguration;
			baseConfigurationReference = F591752FF2D50F4B997CF9E7 /* Pods-WhoAreU.release.xcconfig */;
			buildSettings = {
				ASSETCATALOG_COMPILER_APPICON_NAME = AppIcon;
				CODE_SIGN_ENTITLEMENTS = WhoAreU/WhoAreU.entitlements;
				DEVELOPMENT_TEAM = A52TMCAM33;
				FRAMEWORK_SEARCH_PATHS = (
					"$(inherited)",
					"$(PROJECT_DIR)",
				);
				INFOPLIST_FILE = WhoAreU/Info.plist;
				LD_RUNPATH_SEARCH_PATHS = "$(inherited) @executable_path/Frameworks";
				LIBRARY_SEARCH_PATHS = (
					"$(inherited)",
					"$(PROJECT_DIR)",
				);
				PRODUCT_BUNDLE_IDENTIFIER = kr.smartly.WhoAreU;
				PRODUCT_NAME = "$(TARGET_NAME)";
			};
			name = Release;
		};
/* End XCBuildConfiguration section */

/* Begin XCConfigurationList section */
		122262721E8B6E8000F51FAE /* Build configuration list for PBXProject "WhoAreU" */ = {
			isa = XCConfigurationList;
			buildConfigurations = (
				1222628C1E8B6E8000F51FAE /* Debug */,
				1222628D1E8B6E8000F51FAE /* Release */,
			);
			defaultConfigurationIsVisible = 0;
			defaultConfigurationName = Release;
		};
		1222628E1E8B6E8000F51FAE /* Build configuration list for PBXNativeTarget "WhoAreU" */ = {
			isa = XCConfigurationList;
			buildConfigurations = (
				1222628F1E8B6E8000F51FAE /* Debug */,
				122262901E8B6E8000F51FAE /* Release */,
			);
			defaultConfigurationIsVisible = 0;
			defaultConfigurationName = Release;
		};
/* End XCConfigurationList section */
	};
	rootObject = 1222626F1E8B6E8000F51FAE /* Project object */;
}
